<?xml version="1.0" encoding="utf-8"?>
<Project ToolsVersion="4.0" xmlns="http://schemas.microsoft.com/developer/msbuild/2003">
  <ItemGroup>
    <Filter Include="Source Files">
      <UniqueIdentifier>{99fd77a8-ae9e-4bc2-a5b5-5c42903a4b11}</UniqueIdentifier>
      <Extensions>cpp;c;cxx;rc;def;r;odl;idl;hpj;bat</Extensions>
    </Filter>
    <Filter Include="Header Files">
      <UniqueIdentifier>{a50ef47f-04d8-4fd1-9151-ff4e71416e34}</UniqueIdentifier>
      <Extensions>h;hpp;hxx;hm;inl</Extensions>
    </Filter>
    <Filter Include="Resource Files">
      <UniqueIdentifier>{e99c281c-50ce-4e48-ac4e-412b4a029df0}</UniqueIdentifier>
      <Extensions>ico;cur;bmp;dlg;rc2;rct;bin;rgs;gif;jpg;jpeg;jpe</Extensions>
    </Filter>
    <Filter Include="MMF Headers">
      <UniqueIdentifier>{a722251c-5581-410d-85d9-dbd5b2d5ddf5}</UniqueIdentifier>
    </Filter>
  </ItemGroup>
  <ItemGroup>
    <ClCompile Include="Edittime.cpp">
      <Filter>Source Files</Filter>
    </ClCompile>
    <ClCompile Include="General.cpp">
      <Filter>Source Files</Filter>
    </ClCompile>
    <ClCompile Include="Main.cpp">
      <Filter>Source Files</Filter>
    </ClCompile>
    <ClCompile Include="Runtime.cpp">
      <Filter>Source Files</Filter>
    </ClCompile>
  </ItemGroup>
  <ItemGroup>
    <ClInclude Include="Collection-of-2D-points-Data.h">
      <Filter>Header Files</Filter>
    </ClInclude>
    <ClInclude Include="Common.h">
      <Filter>Header Files</Filter>
    </ClInclude>
    <ClInclude Include="Information.h">
      <Filter>Header Files</Filter>
    </ClInclude>
    <ClInclude Include="Resource.h">
      <Filter>Resource Files</Filter>
    </ClInclude>
    <ClInclude Include="..\..\..\Inc\Ccx.h">
      <Filter>MMF Headers</Filter>
    </ClInclude>
    <ClInclude Include="..\..\..\Inc\Ccxhdr.h">
      <Filter>MMF Headers</Filter>
    </ClInclude>
    <ClInclude Include="..\..\..\Inc\CfcError.h">
      <Filter>MMF Headers</Filter>
    </ClInclude>
    <ClInclude Include="..\..\..\Inc\CfcFile.h">
      <Filter>MMF Headers</Filter>
    </ClInclude>
    <ClInclude Include="..\..\..\Inc\Cncf.h">
      <Filter>MMF Headers</Filter>
    </ClInclude>
    <ClInclude Include="..\..\..\Inc\cncr.h">
      <Filter>MMF Headers</Filter>
    </ClInclude>
    <ClInclude Include="..\..\..\Inc\Cncy.h">
      <Filter>MMF Headers</Filter>
    </ClInclude>
    <ClInclude Include="..\..\..\Inc\Cnpdll.h">
      <Filter>MMF Headers</Filter>
    </ClInclude>
    <ClInclude Include="..\..\..\Inc\colors.h">
      <Filter>MMF Headers</Filter>
    </ClInclude>
    <ClInclude Include="..\..\..\Inc\EVTCCX.H">
      <Filter>MMF Headers</Filter>
    </ClInclude>
    <ClInclude Include="..\..\..\Inc\Fill.h">
      <Filter>MMF Headers</Filter>
    </ClInclude>
    <ClInclude Include="..\..\..\Inc\FilterMgr.h">
      <Filter>MMF Headers</Filter>
    </ClInclude>
    <ClInclude Include="..\..\..\Inc\ImageFlt.h">
      <Filter>MMF Headers</Filter>
    </ClInclude>
    <ClInclude Include="..\..\..\Inc\ImgFlt.h">
      <Filter>MMF Headers</Filter>
    </ClInclude>
    <ClInclude Include="..\..\..\Inc\MagicRDATA.h">
      <Filter>MMF Headers</Filter>
    </ClInclude>
    <ClInclude Include="..\..\..\Inc\oop_ext.h">
      <Filter>MMF Headers</Filter>
    </ClInclude>
    <ClInclude Include="..\..\..\Inc\Palet.h">
      <Filter>MMF Headers</Filter>
    </ClInclude>
    <ClInclude Include="..\..\..\Inc\PictEdDefs.h">
      <Filter>MMF Headers</Filter>
    </ClInclude>
    <ClInclude Include="..\..\..\Inc\Props.h">
      <Filter>MMF Headers</Filter>
    </ClInclude>
    <ClInclude Include="..\..\..\Inc\PTYPE.H">
      <Filter>MMF Headers</Filter>
    </ClInclude>
    <ClInclude Include="..\..\..\Inc\rCreateObject.h">
      <Filter>MMF Headers</Filter>
    </ClInclude>
    <ClInclude Include="..\..\..\Inc\rCreateRunObject.h">
      <Filter>MMF Headers</Filter>
    </ClInclude>
    <ClInclude Include="..\..\..\Inc\rGetDependencies.h">
      <Filter>MMF Headers</Filter>
    </ClInclude>
    <ClInclude Include="..\..\..\Inc\rTemplate.h">
      <Filter>MMF Headers</Filter>
    </ClInclude>
    <ClInclude Include="..\..\..\Inc\SoundFilter.h">
      <Filter>MMF Headers</Filter>
    </ClInclude>
    <ClInclude Include="..\..\..\Inc\SoundFilterMgr.h">
      <Filter>MMF Headers</Filter>
    </ClInclude>
    <ClInclude Include="..\..\..\Inc\Surface.h">
      <Filter>MMF Headers</Filter>
    </ClInclude>
    <ClInclude Include="..\..\..\Inc\SurfaceDefs.h">
      <Filter>MMF Headers</Filter>
    </ClInclude>
    <ClInclude Include="..\..\..\Inc\TemplateInc.h">
      <Filter>MMF Headers</Filter>
    </ClInclude>
    <ClInclude Include="..\..\..\Inc\WinMacro.h">
      <Filter>MMF Headers</Filter>
    </ClInclude>
    <ClInclude Include="Data.h">
      <Filter>Header Files</Filter>
    </ClInclude>
    <ClInclude Include="FlagsPrefs.h">
      <Filter>Header Files</Filter>
    </ClInclude>
    <ClInclude Include="Menu.h">
      <Filter>Header Files</Filter>
    </ClInclude>
  </ItemGroup>
  <ItemGroup>
    <ResourceCompile Include="Ext.rc">
      <Filter>Resource Files</Filter>
    </ResourceCompile>
  </ItemGroup>
  <ItemGroup>
    <None Include="Ext.def">
      <Filter>Resource Files</Filter>
    </None>
    <None Include="EXTICON.BMP">
      <Filter>Resource Files</Filter>
    </None>
    <None Include="EXTIMG.BMP">
      <Filter>Resource Files</Filter>
    </None>
  </ItemGroup>
</Project>