
Microsoft Visual Studio Solution File, Format Version 10.00
# Visual C++ Express 2008
Project("{8BC9CEB8-8B4A-11D0-8D11-00A0C91BC942}") = "MMF2SDK - Blank", "MMF2SDK\Blank MMF2SDK\MMF2SDK - Blank.vcproj", "{3BCB4C73-71F6-43B6-803D-41411F92652A}"
EndProject
Project("{8BC9CEB8-8B4A-11D0-8D11-00A0C91BC942}") = "MMF2SDK - Download", "MMF2SDK\Download\MMF2SDK - Download.vcproj", "{2017F4A1-BFBB-49C5-A071-4DD42ECC95C5}"
EndProject
Project("{8BC9CEB8-8B4A-11D0-8D11-00A0C91BC942}") = "MMF2SDK - CDAudio", "MMF2SDK\CDAudio\MMF2SDK - CDAudio.vcproj", "{B90661BB-5D93-42DB-86EF-97B40F918522}"
EndProject
Project("{8BC9CEB8-8B4A-11D0-8D11-00A0C91BC942}") = "MMF2SDK_Unicode - Simple Control", "MMF2SDK_Unicode\Simple Control\MMF2SDK_Unicode - Simple Control.vcproj", "{5F48AB59-1A62-42E2-8948-A909013537AA}"
EndProject
Project("{8BC9CEB8-8B4A-11D0-8D11-00A0C91BC942}") = "rSDK - Blank", "rSDK\Blank rSDK\rSDK - Blank.vcproj", "{B9AF3ED0-495B-4264-AA59-E77F2C76DAEB}"
EndProject
Project("{8BC9CEB8-8B4A-11D0-8D11-00A0C91BC942}") = "rSDK - Download++", "rSDK\Download++\rSDK - Download++.vcproj", "{6B3324F7-E76F-4646-A221-01A1548612E6}"
EndProject
Project("{8BC9CEB8-8B4A-11D0-8D11-00A0C91BC942}") = "rSDK - FixedValueList", "rSDK\FixedValueList\rSDK - FixedValueList.vcproj", "{25C6580D-C869-41B7-B15F-BDD7294368F7}"
EndProject
Project("{8BC9CEB8-8B4A-11D0-8D11-00A0C91BC942}") = "rSDK - OpenCV_Camera", "rSDK\OpenCV\Extension\Camera\rSDK - OpenCV_Camera.vcproj", "{9CA8AE7A-D32C-46A3-A511-E587084F3F51}"
EndProject
Project("{8BC9CEB8-8B4A-11D0-8D11-00A0C91BC942}") = "rSDK - OpenCV_Collection of 2D points", "rSDK\OpenCV\Extension\Collection of 2D points\rSDK - OpenCV_Collection of 2D points.vcproj", "{E4C6263F-EA0F-4FA5-BF63-D8CE68ED0449}"
EndProject
Project("{8BC9CEB8-8B4A-11D0-8D11-00A0C91BC942}") = "rSDK - OpenCV_Image", "rSDK\OpenCV\Extension\Image\rSDK - OpenCV_Image.vcproj", "{5B553771-496C-48EF-B848-6E1362B782F0}"
EndProject
Project("{8BC9CEB8-8B4A-11D0-8D11-00A0C91BC942}") = "rSDK - OpenCV_Main", "rSDK\OpenCV\Extension\Main\rSDK - OpenCV_Main.vcproj", "{AA2BFC7E-3E80-4F70-9F3D-001533991E2E}"
EndProject
Project("{8BC9CEB8-8B4A-11D0-8D11-00A0C91BC942}") = "rSDK - PBKDF2", "rSDK\PBKDF2\rSDK - PBKDF2.vcproj", "{7F92C4F7-E80A-4CA2-BD46-83985A299ADB}"
EndProject
Project("{8BC9CEB8-8B4A-11D0-8D11-00A0C91BC942}") = "rSDK - TabControl", "rSDK\TabControl\rSDK - TabControl.vcproj", "{2197C64A-D827-45A2-8098-46908F45BCA2}"
EndProject
Project("{8BC9CEB8-8B4A-11D0-8D11-00A0C91BC942}") = "rSDK - UnzipMe", "rSDK\UnzipMe\rSDK - UnzipMe.vcproj", "{98A9382F-6DFC-4064-9F4C-2708BB38EC3C}"
EndProject
Project("{8BC9CEB8-8B4A-11D0-8D11-00A0C91BC942}") = "rSDK - ZlibStream", "rSDK\ZlibStream\rSDK - ZlibStream.vcproj", "{69B76D6E-1FBA-4D84-9CBC-40D7AB473315}"
EndProject
Project("{8BC9CEB8-8B4A-11D0-8D11-00A0C91BC942}") = "EDIF - Blank", "EDIF\Blank EDIF\EDIF - Blank.vcproj", "{5E20CA0B-692E-41AB-9CC0-D6CE95B0825B}"
EndProject
Project("{8BC9CEB8-8B4A-11D0-8D11-00A0C91BC942}") = "EDIF - MyCharSet", "EDIF\MyCharSet\EDIF - MyCharSet.vcproj", "{2537CB09-43D2-4AC4-AAF0-7A32C20D2FBE}"
EndProject
Project("{8BC9CEB8-8B4A-11D0-8D11-00A0C91BC942}") = "EDIF - PortAudio", "EDIF\PortAudio\EDIF - PortAudio.vcproj", "{A61FCD2A-AD2F-4455-B434-17D47CD76BE7}"
EndProject
Project("{8BC9CEB8-8B4A-11D0-8D11-00A0C91BC942}") = "EDIF - RangeHandler", "EDIF\RangeHandler\EDIF - RangeHandler.vcproj", "{34ED725D-5BCF-46C5-8250-14A8443B6035}"
EndProject
Project("{8BC9CEB8-8B4A-11D0-8D11-00A0C91BC942}") = "EDIF - SHA-1", "EDIF\SHA-1\EDIF - SHA-1.vcproj", "{3D1F768D-58B5-4274-B655-9E84894F3AD2}"
EndProject
Project("{8BC9CEB8-8B4A-11D0-8D11-00A0C91BC942}") = "EDIF - StringCmp", "EDIF\StringCmp\EDIF - StringCmp.vcproj", "{3076A22E-5B51-4CD0-831D-69F0268031B5}"
EndProject
Project("{8BC9CEB8-8B4A-11D0-8D11-00A0C91BC942}") = "EDIF - StringReplacer", "EDIF\StringReplacer\EDIF - StringReplacer.vcproj", "{BF2B00B2-C4FF-48BC-A2B8-4646B1A29FB9}"
EndProject
Project("{8BC9CEB8-8B4A-11D0-8D11-00A0C91BC942}") = "EDIF - ObjectAttacher", "EDIF\ObjectAttacher\EDIF - ObjectAttacher.vcproj", "{2C86B0A6-EEB7-4395-9F22-2D1217972D63}"
EndProject
Project("{8BC9CEB8-8B4A-11D0-8D11-00A0C91BC942}") = "MMF2SDK - BitMask", "MMF2SDK\Bit Mask\MMF2SDK - BitMask.vcproj", "{73003153-A942-4183-9B2B-DC69CDDF3445}"
EndProject
Project("{8BC9CEB8-8B4A-11D0-8D11-00A0C91BC942}") = "MMF2SDK - PackX", "MMF2SDK\PackX\MMF2SDK - PackX.vcproj", "{29B44557-9BC0-43BC-BBF6-0AB4C9B69198}"
EndProject
Project("{8BC9CEB8-8B4A-11D0-8D11-00A0C91BC942}") = "MMF2SDK - VOLINFO", "MMF2SDK\VOLINFO\MMF2SDK - VOLINFO.vcproj", "{2196C17D-EDAC-43AD-AF88-1D7D6CBD9145}"
EndProject
Project("{8BC9CEB8-8B4A-11D0-8D11-00A0C91BC942}") = "EDIF - Stochastic Utility", "EDIF\Stochastic Utility\EDIF - Stochastic Utility.vcproj", "{5BC0EA76-0F7D-4F52-ADC9-CE378742E9B9}"
EndProject
Project("{8BC9CEB8-8B4A-11D0-8D11-00A0C91BC942}") = "rSDK - WaveOut", "rSDK\WaveOut\rSDK - WaveOut.vcproj", "{AAF834BB-E8B2-49B8-8086-0FCD7E7DE7A6}"
EndProject
Global
	GlobalSection(SolutionConfigurationPlatforms) = preSolution
		Debug Unicode|Win32 = Debug Unicode|Win32
		Debug|Win32 = Debug|Win32
		Edittime French|Win32 = Edittime French|Win32
		Edittime Unicode|Win32 = Edittime Unicode|Win32
		Edittime|Win32 = Edittime|Win32
		Runtime French|Win32 = Runtime French|Win32
		Runtime Unicode|Win32 = Runtime Unicode|Win32
		Runtime|Win32 = Runtime|Win32
		Vitalize|Win32 = Vitalize|Win32
	EndGlobalSection
	GlobalSection(ProjectConfigurationPlatforms) = postSolution
		{3BCB4C73-71F6-43B6-803D-41411F92652A}.Debug Unicode|Win32.ActiveCfg = Debug|Win32
		{3BCB4C73-71F6-43B6-803D-41411F92652A}.Debug|Win32.ActiveCfg = Debug|Win32
		{3BCB4C73-71F6-43B6-803D-41411F92652A}.Debug|Win32.Build.0 = Debug|Win32
		{3BCB4C73-71F6-43B6-803D-41411F92652A}.Edittime French|Win32.ActiveCfg = Edittime|Win32
		{3BCB4C73-71F6-43B6-803D-41411F92652A}.Edittime Unicode|Win32.ActiveCfg = Edittime|Win32
		{3BCB4C73-71F6-43B6-803D-41411F92652A}.Edittime|Win32.ActiveCfg = Edittime|Win32
		{3BCB4C73-71F6-43B6-803D-41411F92652A}.Edittime|Win32.Build.0 = Edittime|Win32
		{3BCB4C73-71F6-43B6-803D-41411F92652A}.Runtime French|Win32.ActiveCfg = Runtime|Win32
		{3BCB4C73-71F6-43B6-803D-41411F92652A}.Runtime Unicode|Win32.ActiveCfg = Runtime|Win32
		{3BCB4C73-71F6-43B6-803D-41411F92652A}.Runtime|Win32.ActiveCfg = Runtime|Win32
		{3BCB4C73-71F6-43B6-803D-41411F92652A}.Runtime|Win32.Build.0 = Runtime|Win32
		{3BCB4C73-71F6-43B6-803D-41411F92652A}.Vitalize|Win32.ActiveCfg = Vitalize|Win32
		{3BCB4C73-71F6-43B6-803D-41411F92652A}.Vitalize|Win32.Build.0 = Vitalize|Win32
		{2017F4A1-BFBB-49C5-A071-4DD42ECC95C5}.Debug Unicode|Win32.ActiveCfg = Debug|Win32
		{2017F4A1-BFBB-49C5-A071-4DD42ECC95C5}.Debug|Win32.ActiveCfg = Debug|Win32
		{2017F4A1-BFBB-49C5-A071-4DD42ECC95C5}.Debug|Win32.Build.0 = Debug|Win32
		{2017F4A1-BFBB-49C5-A071-4DD42ECC95C5}.Edittime French|Win32.ActiveCfg = Edittime French|Win32
		{2017F4A1-BFBB-49C5-A071-4DD42ECC95C5}.Edittime French|Win32.Build.0 = Edittime French|Win32
		{2017F4A1-BFBB-49C5-A071-4DD42ECC95C5}.Edittime Unicode|Win32.ActiveCfg = Edittime|Win32
		{2017F4A1-BFBB-49C5-A071-4DD42ECC95C5}.Edittime|Win32.ActiveCfg = Edittime|Win32
		{2017F4A1-BFBB-49C5-A071-4DD42ECC95C5}.Edittime|Win32.Build.0 = Edittime|Win32
		{2017F4A1-BFBB-49C5-A071-4DD42ECC95C5}.Runtime French|Win32.ActiveCfg = Runtime French|Win32
		{2017F4A1-BFBB-49C5-A071-4DD42ECC95C5}.Runtime French|Win32.Build.0 = Runtime French|Win32
		{2017F4A1-BFBB-49C5-A071-4DD42ECC95C5}.Runtime Unicode|Win32.ActiveCfg = Runtime|Win32
		{2017F4A1-BFBB-49C5-A071-4DD42ECC95C5}.Runtime|Win32.ActiveCfg = Runtime|Win32
		{2017F4A1-BFBB-49C5-A071-4DD42ECC95C5}.Runtime|Win32.Build.0 = Runtime|Win32
		{2017F4A1-BFBB-49C5-A071-4DD42ECC95C5}.Vitalize|Win32.ActiveCfg = Vitalize|Win32
		{2017F4A1-BFBB-49C5-A071-4DD42ECC95C5}.Vitalize|Win32.Build.0 = Vitalize|Win32
		{B90661BB-5D93-42DB-86EF-97B40F918522}.Debug Unicode|Win32.ActiveCfg = Debug|Win32
		{B90661BB-5D93-42DB-86EF-97B40F918522}.Debug|Win32.ActiveCfg = Debug|Win32
		{B90661BB-5D93-42DB-86EF-97B40F918522}.Debug|Win32.Build.0 = Debug|Win32
		{B90661BB-5D93-42DB-86EF-97B40F918522}.Edittime French|Win32.ActiveCfg = Edittime French|Win32
		{B90661BB-5D93-42DB-86EF-97B40F918522}.Edittime French|Win32.Build.0 = Edittime French|Win32
		{B90661BB-5D93-42DB-86EF-97B40F918522}.Edittime Unicode|Win32.ActiveCfg = Edittime|Win32
		{B90661BB-5D93-42DB-86EF-97B40F918522}.Edittime|Win32.ActiveCfg = Edittime|Win32
		{B90661BB-5D93-42DB-86EF-97B40F918522}.Edittime|Win32.Build.0 = Edittime|Win32
		{B90661BB-5D93-42DB-86EF-97B40F918522}.Runtime French|Win32.ActiveCfg = Runtime French|Win32
		{B90661BB-5D93-42DB-86EF-97B40F918522}.Runtime French|Win32.Build.0 = Runtime French|Win32
		{B90661BB-5D93-42DB-86EF-97B40F918522}.Runtime Unicode|Win32.ActiveCfg = Runtime|Win32
		{B90661BB-5D93-42DB-86EF-97B40F918522}.Runtime|Win32.ActiveCfg = Runtime|Win32
		{B90661BB-5D93-42DB-86EF-97B40F918522}.Runtime|Win32.Build.0 = Runtime|Win32
		{B90661BB-5D93-42DB-86EF-97B40F918522}.Vitalize|Win32.ActiveCfg = Runtime|Win32
		{5F48AB59-1A62-42E2-8948-A909013537AA}.Debug Unicode|Win32.ActiveCfg = Debug Unicode|Win32
		{5F48AB59-1A62-42E2-8948-A909013537AA}.Debug Unicode|Win32.Build.0 = Debug Unicode|Win32
		{5F48AB59-1A62-42E2-8948-A909013537AA}.Debug|Win32.ActiveCfg = Debug Unicode|Win32
		{5F48AB59-1A62-42E2-8948-A909013537AA}.Edittime French|Win32.ActiveCfg = Edittime Unicode|Win32
		{5F48AB59-1A62-42E2-8948-A909013537AA}.Edittime Unicode|Win32.ActiveCfg = Edittime Unicode|Win32
		{5F48AB59-1A62-42E2-8948-A909013537AA}.Edittime Unicode|Win32.Build.0 = Edittime Unicode|Win32
		{5F48AB59-1A62-42E2-8948-A909013537AA}.Edittime|Win32.ActiveCfg = Edittime Unicode|Win32
		{5F48AB59-1A62-42E2-8948-A909013537AA}.Runtime French|Win32.ActiveCfg = Runtime Unicode|Win32
		{5F48AB59-1A62-42E2-8948-A909013537AA}.Runtime Unicode|Win32.ActiveCfg = Runtime Unicode|Win32
		{5F48AB59-1A62-42E2-8948-A909013537AA}.Runtime Unicode|Win32.Build.0 = Runtime Unicode|Win32
		{5F48AB59-1A62-42E2-8948-A909013537AA}.Runtime|Win32.ActiveCfg = Runtime Unicode|Win32
		{5F48AB59-1A62-42E2-8948-A909013537AA}.Vitalize|Win32.ActiveCfg = Vitalize|Win32
		{5F48AB59-1A62-42E2-8948-A909013537AA}.Vitalize|Win32.Build.0 = Vitalize|Win32
		{B9AF3ED0-495B-4264-AA59-E77F2C76DAEB}.Debug Unicode|Win32.ActiveCfg = Debug|Win32
		{B9AF3ED0-495B-4264-AA59-E77F2C76DAEB}.Debug|Win32.ActiveCfg = Debug|Win32
		{B9AF3ED0-495B-4264-AA59-E77F2C76DAEB}.Debug|Win32.Build.0 = Debug|Win32
		{B9AF3ED0-495B-4264-AA59-E77F2C76DAEB}.Edittime French|Win32.ActiveCfg = Edittime|Win32
		{B9AF3ED0-495B-4264-AA59-E77F2C76DAEB}.Edittime Unicode|Win32.ActiveCfg = Edittime|Win32
		{B9AF3ED0-495B-4264-AA59-E77F2C76DAEB}.Edittime|Win32.ActiveCfg = Edittime|Win32
		{B9AF3ED0-495B-4264-AA59-E77F2C76DAEB}.Edittime|Win32.Build.0 = Edittime|Win32
		{B9AF3ED0-495B-4264-AA59-E77F2C76DAEB}.Runtime French|Win32.ActiveCfg = Runtime|Win32
		{B9AF3ED0-495B-4264-AA59-E77F2C76DAEB}.Runtime Unicode|Win32.ActiveCfg = Runtime|Win32
		{B9AF3ED0-495B-4264-AA59-E77F2C76DAEB}.Runtime|Win32.ActiveCfg = Runtime|Win32
		{B9AF3ED0-495B-4264-AA59-E77F2C76DAEB}.Runtime|Win32.Build.0 = Runtime|Win32
		{B9AF3ED0-495B-4264-AA59-E77F2C76DAEB}.Vitalize|Win32.ActiveCfg = Vitalize|Win32
		{B9AF3ED0-495B-4264-AA59-E77F2C76DAEB}.Vitalize|Win32.Build.0 = Vitalize|Win32
		{6B3324F7-E76F-4646-A221-01A1548612E6}.Debug Unicode|Win32.ActiveCfg = Debug|Win32
		{6B3324F7-E76F-4646-A221-01A1548612E6}.Debug|Win32.ActiveCfg = Debug|Win32
		{6B3324F7-E76F-4646-A221-01A1548612E6}.Debug|Win32.Build.0 = Debug|Win32
		{6B3324F7-E76F-4646-A221-01A1548612E6}.Edittime French|Win32.ActiveCfg = Edittime|Win32
		{6B3324F7-E76F-4646-A221-01A1548612E6}.Edittime Unicode|Win32.ActiveCfg = Edittime|Win32
		{6B3324F7-E76F-4646-A221-01A1548612E6}.Edittime|Win32.ActiveCfg = Edittime|Win32
		{6B3324F7-E76F-4646-A221-01A1548612E6}.Edittime|Win32.Build.0 = Edittime|Win32
		{6B3324F7-E76F-4646-A221-01A1548612E6}.Runtime French|Win32.ActiveCfg = Runtime|Win32
		{6B3324F7-E76F-4646-A221-01A1548612E6}.Runtime Unicode|Win32.ActiveCfg = Runtime|Win32
		{6B3324F7-E76F-4646-A221-01A1548612E6}.Runtime|Win32.ActiveCfg = Runtime|Win32
		{6B3324F7-E76F-4646-A221-01A1548612E6}.Runtime|Win32.Build.0 = Runtime|Win32
		{6B3324F7-E76F-4646-A221-01A1548612E6}.Vitalize|Win32.ActiveCfg = Vitalize|Win32
		{6B3324F7-E76F-4646-A221-01A1548612E6}.Vitalize|Win32.Build.0 = Vitalize|Win32
		{25C6580D-C869-41B7-B15F-BDD7294368F7}.Debug Unicode|Win32.ActiveCfg = Debug|Win32
		{25C6580D-C869-41B7-B15F-BDD7294368F7}.Debug|Win32.ActiveCfg = Debug|Win32
		{25C6580D-C869-41B7-B15F-BDD7294368F7}.Debug|Win32.Build.0 = Debug|Win32
		{25C6580D-C869-41B7-B15F-BDD7294368F7}.Edittime French|Win32.ActiveCfg = Edittime|Win32
		{25C6580D-C869-41B7-B15F-BDD7294368F7}.Edittime Unicode|Win32.ActiveCfg = Edittime|Win32
		{25C6580D-C869-41B7-B15F-BDD7294368F7}.Edittime|Win32.ActiveCfg = Edittime|Win32
		{25C6580D-C869-41B7-B15F-BDD7294368F7}.Edittime|Win32.Build.0 = Edittime|Win32
		{25C6580D-C869-41B7-B15F-BDD7294368F7}.Runtime French|Win32.ActiveCfg = Runtime|Win32
		{25C6580D-C869-41B7-B15F-BDD7294368F7}.Runtime Unicode|Win32.ActiveCfg = Runtime|Win32
		{25C6580D-C869-41B7-B15F-BDD7294368F7}.Runtime|Win32.ActiveCfg = Runtime|Win32
		{25C6580D-C869-41B7-B15F-BDD7294368F7}.Runtime|Win32.Build.0 = Runtime|Win32
		{25C6580D-C869-41B7-B15F-BDD7294368F7}.Vitalize|Win32.ActiveCfg = Vitalize|Win32
		{25C6580D-C869-41B7-B15F-BDD7294368F7}.Vitalize|Win32.Build.0 = Vitalize|Win32
		{9CA8AE7A-D32C-46A3-A511-E587084F3F51}.Debug Unicode|Win32.ActiveCfg = Debug|Win32
		{9CA8AE7A-D32C-46A3-A511-E587084F3F51}.Debug|Win32.ActiveCfg = Debug|Win32
		{9CA8AE7A-D32C-46A3-A511-E587084F3F51}.Debug|Win32.Build.0 = Debug|Win32
		{9CA8AE7A-D32C-46A3-A511-E587084F3F51}.Edittime French|Win32.ActiveCfg = Edittime|Win32
		{9CA8AE7A-D32C-46A3-A511-E587084F3F51}.Edittime Unicode|Win32.ActiveCfg = Edittime|Win32
		{9CA8AE7A-D32C-46A3-A511-E587084F3F51}.Edittime|Win32.ActiveCfg = Edittime|Win32
		{9CA8AE7A-D32C-46A3-A511-E587084F3F51}.Edittime|Win32.Build.0 = Edittime|Win32
		{9CA8AE7A-D32C-46A3-A511-E587084F3F51}.Runtime French|Win32.ActiveCfg = Runtime|Win32
		{9CA8AE7A-D32C-46A3-A511-E587084F3F51}.Runtime Unicode|Win32.ActiveCfg = Runtime|Win32
		{9CA8AE7A-D32C-46A3-A511-E587084F3F51}.Runtime|Win32.ActiveCfg = Runtime|Win32
		{9CA8AE7A-D32C-46A3-A511-E587084F3F51}.Runtime|Win32.Build.0 = Runtime|Win32
		{9CA8AE7A-D32C-46A3-A511-E587084F3F51}.Vitalize|Win32.ActiveCfg = Vitalize|Win32
		{9CA8AE7A-D32C-46A3-A511-E587084F3F51}.Vitalize|Win32.Build.0 = Vitalize|Win32
		{E4C6263F-EA0F-4FA5-BF63-D8CE68ED0449}.Debug Unicode|Win32.ActiveCfg = Debug|Win32
		{E4C6263F-EA0F-4FA5-BF63-D8CE68ED0449}.Debug|Win32.ActiveCfg = Debug|Win32
		{E4C6263F-EA0F-4FA5-BF63-D8CE68ED0449}.Debug|Win32.Build.0 = Debug|Win32
		{E4C6263F-EA0F-4FA5-BF63-D8CE68ED0449}.Edittime French|Win32.ActiveCfg = Edittime|Win32
		{E4C6263F-EA0F-4FA5-BF63-D8CE68ED0449}.Edittime Unicode|Win32.ActiveCfg = Edittime|Win32
		{E4C6263F-EA0F-4FA5-BF63-D8CE68ED0449}.Edittime|Win32.ActiveCfg = Edittime|Win32
		{E4C6263F-EA0F-4FA5-BF63-D8CE68ED0449}.Edittime|Win32.Build.0 = Edittime|Win32
		{E4C6263F-EA0F-4FA5-BF63-D8CE68ED0449}.Runtime French|Win32.ActiveCfg = Runtime|Win32
		{E4C6263F-EA0F-4FA5-BF63-D8CE68ED0449}.Runtime Unicode|Win32.ActiveCfg = Runtime|Win32
		{E4C6263F-EA0F-4FA5-BF63-D8CE68ED0449}.Runtime|Win32.ActiveCfg = Runtime|Win32
		{E4C6263F-EA0F-4FA5-BF63-D8CE68ED0449}.Runtime|Win32.Build.0 = Runtime|Win32
		{E4C6263F-EA0F-4FA5-BF63-D8CE68ED0449}.Vitalize|Win32.ActiveCfg = Vitalize|Win32
		{E4C6263F-EA0F-4FA5-BF63-D8CE68ED0449}.Vitalize|Win32.Build.0 = Vitalize|Win32
		{5B553771-496C-48EF-B848-6E1362B782F0}.Debug Unicode|Win32.ActiveCfg = Debug|Win32
		{5B553771-496C-48EF-B848-6E1362B782F0}.Debug|Win32.ActiveCfg = Debug|Win32
		{5B553771-496C-48EF-B848-6E1362B782F0}.Debug|Win32.Build.0 = Debug|Win32
		{5B553771-496C-48EF-B848-6E1362B782F0}.Edittime French|Win32.ActiveCfg = Edittime|Win32
		{5B553771-496C-48EF-B848-6E1362B782F0}.Edittime Unicode|Win32.ActiveCfg = Edittime|Win32
		{5B553771-496C-48EF-B848-6E1362B782F0}.Edittime|Win32.ActiveCfg = Edittime|Win32
		{5B553771-496C-48EF-B848-6E1362B782F0}.Edittime|Win32.Build.0 = Edittime|Win32
		{5B553771-496C-48EF-B848-6E1362B782F0}.Runtime French|Win32.ActiveCfg = Runtime|Win32
		{5B553771-496C-48EF-B848-6E1362B782F0}.Runtime Unicode|Win32.ActiveCfg = Runtime|Win32
		{5B553771-496C-48EF-B848-6E1362B782F0}.Runtime|Win32.ActiveCfg = Runtime|Win32
		{5B553771-496C-48EF-B848-6E1362B782F0}.Runtime|Win32.Build.0 = Runtime|Win32
		{5B553771-496C-48EF-B848-6E1362B782F0}.Vitalize|Win32.ActiveCfg = Vitalize|Win32
		{5B553771-496C-48EF-B848-6E1362B782F0}.Vitalize|Win32.Build.0 = Vitalize|Win32
		{AA2BFC7E-3E80-4F70-9F3D-001533991E2E}.Debug Unicode|Win32.ActiveCfg = Debug|Win32
		{AA2BFC7E-3E80-4F70-9F3D-001533991E2E}.Debug|Win32.ActiveCfg = Debug|Win32
		{AA2BFC7E-3E80-4F70-9F3D-001533991E2E}.Debug|Win32.Build.0 = Debug|Win32
		{AA2BFC7E-3E80-4F70-9F3D-001533991E2E}.Edittime French|Win32.ActiveCfg = Edittime|Win32
		{AA2BFC7E-3E80-4F70-9F3D-001533991E2E}.Edittime Unicode|Win32.ActiveCfg = Edittime|Win32
		{AA2BFC7E-3E80-4F70-9F3D-001533991E2E}.Edittime|Win32.ActiveCfg = Edittime|Win32
		{AA2BFC7E-3E80-4F70-9F3D-001533991E2E}.Edittime|Win32.Build.0 = Edittime|Win32
		{AA2BFC7E-3E80-4F70-9F3D-001533991E2E}.Runtime French|Win32.ActiveCfg = Runtime|Win32
		{AA2BFC7E-3E80-4F70-9F3D-001533991E2E}.Runtime Unicode|Win32.ActiveCfg = Runtime|Win32
		{AA2BFC7E-3E80-4F70-9F3D-001533991E2E}.Runtime|Win32.ActiveCfg = Runtime|Win32
		{AA2BFC7E-3E80-4F70-9F3D-001533991E2E}.Runtime|Win32.Build.0 = Runtime|Win32
		{AA2BFC7E-3E80-4F70-9F3D-001533991E2E}.Vitalize|Win32.ActiveCfg = Vitalize|Win32
		{AA2BFC7E-3E80-4F70-9F3D-001533991E2E}.Vitalize|Win32.Build.0 = Vitalize|Win32
		{7F92C4F7-E80A-4CA2-BD46-83985A299ADB}.Debug Unicode|Win32.ActiveCfg = Debug|Win32
		{7F92C4F7-E80A-4CA2-BD46-83985A299ADB}.Debug|Win32.ActiveCfg = Debug|Win32
		{7F92C4F7-E80A-4CA2-BD46-83985A299ADB}.Debug|Win32.Build.0 = Debug|Win32
		{7F92C4F7-E80A-4CA2-BD46-83985A299ADB}.Edittime French|Win32.ActiveCfg = Edittime|Win32
		{7F92C4F7-E80A-4CA2-BD46-83985A299ADB}.Edittime Unicode|Win32.ActiveCfg = Edittime|Win32
		{7F92C4F7-E80A-4CA2-BD46-83985A299ADB}.Edittime|Win32.ActiveCfg = Edittime|Win32
		{7F92C4F7-E80A-4CA2-BD46-83985A299ADB}.Edittime|Win32.Build.0 = Edittime|Win32
		{7F92C4F7-E80A-4CA2-BD46-83985A299ADB}.Runtime French|Win32.ActiveCfg = Runtime|Win32
		{7F92C4F7-E80A-4CA2-BD46-83985A299ADB}.Runtime Unicode|Win32.ActiveCfg = Runtime|Win32
		{7F92C4F7-E80A-4CA2-BD46-83985A299ADB}.Runtime|Win32.ActiveCfg = Runtime|Win32
		{7F92C4F7-E80A-4CA2-BD46-83985A299ADB}.Runtime|Win32.Build.0 = Runtime|Win32
		{7F92C4F7-E80A-4CA2-BD46-83985A299ADB}.Vitalize|Win32.ActiveCfg = Vitalize|Win32
		{7F92C4F7-E80A-4CA2-BD46-83985A299ADB}.Vitalize|Win32.Build.0 = Vitalize|Win32
		{2197C64A-D827-45A2-8098-46908F45BCA2}.Debug Unicode|Win32.ActiveCfg = Debug|Win32
		{2197C64A-D827-45A2-8098-46908F45BCA2}.Debug|Win32.ActiveCfg = Debug|Win32
		{2197C64A-D827-45A2-8098-46908F45BCA2}.Debug|Win32.Build.0 = Debug|Win32
		{2197C64A-D827-45A2-8098-46908F45BCA2}.Edittime French|Win32.ActiveCfg = Edittime|Win32
		{2197C64A-D827-45A2-8098-46908F45BCA2}.Edittime Unicode|Win32.ActiveCfg = Edittime Unicode|Win32
		{2197C64A-D827-45A2-8098-46908F45BCA2}.Edittime Unicode|Win32.Build.0 = Edittime Unicode|Win32
		{2197C64A-D827-45A2-8098-46908F45BCA2}.Edittime|Win32.ActiveCfg = Edittime|Win32
		{2197C64A-D827-45A2-8098-46908F45BCA2}.Edittime|Win32.Build.0 = Edittime|Win32
		{2197C64A-D827-45A2-8098-46908F45BCA2}.Runtime French|Win32.ActiveCfg = Runtime|Win32
		{2197C64A-D827-45A2-8098-46908F45BCA2}.Runtime Unicode|Win32.ActiveCfg = Runtime Unicode|Win32
		{2197C64A-D827-45A2-8098-46908F45BCA2}.Runtime Unicode|Win32.Build.0 = Runtime Unicode|Win32
		{2197C64A-D827-45A2-8098-46908F45BCA2}.Runtime|Win32.ActiveCfg = Runtime|Win32
		{2197C64A-D827-45A2-8098-46908F45BCA2}.Runtime|Win32.Build.0 = Runtime|Win32
		{2197C64A-D827-45A2-8098-46908F45BCA2}.Vitalize|Win32.ActiveCfg = Vitalize|Win32
		{2197C64A-D827-45A2-8098-46908F45BCA2}.Vitalize|Win32.Build.0 = Vitalize|Win32
		{98A9382F-6DFC-4064-9F4C-2708BB38EC3C}.Debug Unicode|Win32.ActiveCfg = Debug|Win32
		{98A9382F-6DFC-4064-9F4C-2708BB38EC3C}.Debug|Win32.ActiveCfg = Debug|Win32
		{98A9382F-6DFC-4064-9F4C-2708BB38EC3C}.Debug|Win32.Build.0 = Debug|Win32
		{98A9382F-6DFC-4064-9F4C-2708BB38EC3C}.Edittime French|Win32.ActiveCfg = Edittime|Win32
		{98A9382F-6DFC-4064-9F4C-2708BB38EC3C}.Edittime Unicode|Win32.ActiveCfg = Edittime|Win32
		{98A9382F-6DFC-4064-9F4C-2708BB38EC3C}.Edittime|Win32.ActiveCfg = Edittime|Win32
		{98A9382F-6DFC-4064-9F4C-2708BB38EC3C}.Edittime|Win32.Build.0 = Edittime|Win32
		{98A9382F-6DFC-4064-9F4C-2708BB38EC3C}.Runtime French|Win32.ActiveCfg = Runtime|Win32
		{98A9382F-6DFC-4064-9F4C-2708BB38EC3C}.Runtime Unicode|Win32.ActiveCfg = Runtime|Win32
		{98A9382F-6DFC-4064-9F4C-2708BB38EC3C}.Runtime|Win32.ActiveCfg = Runtime|Win32
		{98A9382F-6DFC-4064-9F4C-2708BB38EC3C}.Runtime|Win32.Build.0 = Runtime|Win32
		{98A9382F-6DFC-4064-9F4C-2708BB38EC3C}.Vitalize|Win32.ActiveCfg = Runtime|Win32
		{69B76D6E-1FBA-4D84-9CBC-40D7AB473315}.Debug Unicode|Win32.ActiveCfg = Debug|Win32
		{69B76D6E-1FBA-4D84-9CBC-40D7AB473315}.Debug|Win32.ActiveCfg = Debug|Win32
		{69B76D6E-1FBA-4D84-9CBC-40D7AB473315}.Debug|Win32.Build.0 = Debug|Win32
		{69B76D6E-1FBA-4D84-9CBC-40D7AB473315}.Edittime French|Win32.ActiveCfg = Edittime|Win32
		{69B76D6E-1FBA-4D84-9CBC-40D7AB473315}.Edittime Unicode|Win32.ActiveCfg = Edittime|Win32
		{69B76D6E-1FBA-4D84-9CBC-40D7AB473315}.Edittime|Win32.ActiveCfg = Edittime|Win32
		{69B76D6E-1FBA-4D84-9CBC-40D7AB473315}.Edittime|Win32.Build.0 = Edittime|Win32
		{69B76D6E-1FBA-4D84-9CBC-40D7AB473315}.Runtime French|Win32.ActiveCfg = Runtime|Win32
		{69B76D6E-1FBA-4D84-9CBC-40D7AB473315}.Runtime Unicode|Win32.ActiveCfg = Runtime|Win32
		{69B76D6E-1FBA-4D84-9CBC-40D7AB473315}.Runtime|Win32.ActiveCfg = Runtime|Win32
		{69B76D6E-1FBA-4D84-9CBC-40D7AB473315}.Runtime|Win32.Build.0 = Runtime|Win32
		{69B76D6E-1FBA-4D84-9CBC-40D7AB473315}.Vitalize|Win32.ActiveCfg = Vitalize|Win32
		{69B76D6E-1FBA-4D84-9CBC-40D7AB473315}.Vitalize|Win32.Build.0 = Vitalize|Win32
		{5E20CA0B-692E-41AB-9CC0-D6CE95B0825B}.Debug Unicode|Win32.ActiveCfg = Debug Unicode|Win32
		{5E20CA0B-692E-41AB-9CC0-D6CE95B0825B}.Debug Unicode|Win32.Build.0 = Debug Unicode|Win32
		{5E20CA0B-692E-41AB-9CC0-D6CE95B0825B}.Debug|Win32.ActiveCfg = Debug|Win32
		{5E20CA0B-692E-41AB-9CC0-D6CE95B0825B}.Debug|Win32.Build.0 = Debug|Win32
		{5E20CA0B-692E-41AB-9CC0-D6CE95B0825B}.Edittime French|Win32.ActiveCfg = Edittime|Win32
		{5E20CA0B-692E-41AB-9CC0-D6CE95B0825B}.Edittime Unicode|Win32.ActiveCfg = Edittime Unicode|Win32
		{5E20CA0B-692E-41AB-9CC0-D6CE95B0825B}.Edittime Unicode|Win32.Build.0 = Edittime Unicode|Win32
		{5E20CA0B-692E-41AB-9CC0-D6CE95B0825B}.Edittime|Win32.ActiveCfg = Edittime|Win32
		{5E20CA0B-692E-41AB-9CC0-D6CE95B0825B}.Edittime|Win32.Build.0 = Edittime|Win32
		{5E20CA0B-692E-41AB-9CC0-D6CE95B0825B}.Runtime French|Win32.ActiveCfg = Runtime|Win32
		{5E20CA0B-692E-41AB-9CC0-D6CE95B0825B}.Runtime Unicode|Win32.ActiveCfg = Runtime Unicode|Win32
		{5E20CA0B-692E-41AB-9CC0-D6CE95B0825B}.Runtime Unicode|Win32.Build.0 = Runtime Unicode|Win32
		{5E20CA0B-692E-41AB-9CC0-D6CE95B0825B}.Runtime|Win32.ActiveCfg = Runtime|Win32
		{5E20CA0B-692E-41AB-9CC0-D6CE95B0825B}.Runtime|Win32.Build.0 = Runtime|Win32
		{5E20CA0B-692E-41AB-9CC0-D6CE95B0825B}.Vitalize|Win32.ActiveCfg = Runtime|Win32
		{2537CB09-43D2-4AC4-AAF0-7A32C20D2FBE}.Debug Unicode|Win32.ActiveCfg = Debug|Win32
		{2537CB09-43D2-4AC4-AAF0-7A32C20D2FBE}.Debug|Win32.ActiveCfg = Debug|Win32
		{2537CB09-43D2-4AC4-AAF0-7A32C20D2FBE}.Debug|Win32.Build.0 = Debug|Win32
		{2537CB09-43D2-4AC4-AAF0-7A32C20D2FBE}.Edittime French|Win32.ActiveCfg = Edittime|Win32
		{2537CB09-43D2-4AC4-AAF0-7A32C20D2FBE}.Edittime Unicode|Win32.ActiveCfg = Edittime|Win32
		{2537CB09-43D2-4AC4-AAF0-7A32C20D2FBE}.Edittime|Win32.ActiveCfg = Edittime|Win32
		{2537CB09-43D2-4AC4-AAF0-7A32C20D2FBE}.Edittime|Win32.Build.0 = Edittime|Win32
		{2537CB09-43D2-4AC4-AAF0-7A32C20D2FBE}.Runtime French|Win32.ActiveCfg = Runtime|Win32
		{2537CB09-43D2-4AC4-AAF0-7A32C20D2FBE}.Runtime Unicode|Win32.ActiveCfg = Runtime Unicode|Win32
		{2537CB09-43D2-4AC4-AAF0-7A32C20D2FBE}.Runtime Unicode|Win32.Build.0 = Runtime Unicode|Win32
		{2537CB09-43D2-4AC4-AAF0-7A32C20D2FBE}.Runtime|Win32.ActiveCfg = Runtime|Win32
		{2537CB09-43D2-4AC4-AAF0-7A32C20D2FBE}.Runtime|Win32.Build.0 = Runtime|Win32
		{2537CB09-43D2-4AC4-AAF0-7A32C20D2FBE}.Vitalize|Win32.ActiveCfg = Runtime|Win32
		{A61FCD2A-AD2F-4455-B434-17D47CD76BE7}.Debug Unicode|Win32.ActiveCfg = Debug|Win32
		{A61FCD2A-AD2F-4455-B434-17D47CD76BE7}.Debug|Win32.ActiveCfg = Debug|Win32
		{A61FCD2A-AD2F-4455-B434-17D47CD76BE7}.Debug|Win32.Build.0 = Debug|Win32
		{A61FCD2A-AD2F-4455-B434-17D47CD76BE7}.Edittime French|Win32.ActiveCfg = Edittime|Win32
		{A61FCD2A-AD2F-4455-B434-17D47CD76BE7}.Edittime Unicode|Win32.ActiveCfg = Edittime|Win32
		{A61FCD2A-AD2F-4455-B434-17D47CD76BE7}.Edittime|Win32.ActiveCfg = Edittime|Win32
		{A61FCD2A-AD2F-4455-B434-17D47CD76BE7}.Edittime|Win32.Build.0 = Edittime|Win32
		{A61FCD2A-AD2F-4455-B434-17D47CD76BE7}.Runtime French|Win32.ActiveCfg = Runtime|Win32
		{A61FCD2A-AD2F-4455-B434-17D47CD76BE7}.Runtime Unicode|Win32.ActiveCfg = Runtime Unicode|Win32
		{A61FCD2A-AD2F-4455-B434-17D47CD76BE7}.Runtime Unicode|Win32.Build.0 = Runtime Unicode|Win32
		{A61FCD2A-AD2F-4455-B434-17D47CD76BE7}.Runtime|Win32.ActiveCfg = Runtime|Win32
		{A61FCD2A-AD2F-4455-B434-17D47CD76BE7}.Runtime|Win32.Build.0 = Runtime|Win32
		{A61FCD2A-AD2F-4455-B434-17D47CD76BE7}.Vitalize|Win32.ActiveCfg = Runtime|Win32
		{34ED725D-5BCF-46C5-8250-14A8443B6035}.Debug Unicode|Win32.ActiveCfg = Debug|Win32
		{34ED725D-5BCF-46C5-8250-14A8443B6035}.Debug|Win32.ActiveCfg = Debug|Win32
		{34ED725D-5BCF-46C5-8250-14A8443B6035}.Debug|Win32.Build.0 = Debug|Win32
		{34ED725D-5BCF-46C5-8250-14A8443B6035}.Edittime French|Win32.ActiveCfg = Edittime|Win32
		{34ED725D-5BCF-46C5-8250-14A8443B6035}.Edittime Unicode|Win32.ActiveCfg = Edittime|Win32
		{34ED725D-5BCF-46C5-8250-14A8443B6035}.Edittime|Win32.ActiveCfg = Edittime|Win32
		{34ED725D-5BCF-46C5-8250-14A8443B6035}.Edittime|Win32.Build.0 = Edittime|Win32
		{34ED725D-5BCF-46C5-8250-14A8443B6035}.Runtime French|Win32.ActiveCfg = Runtime|Win32
		{34ED725D-5BCF-46C5-8250-14A8443B6035}.Runtime Unicode|Win32.ActiveCfg = Runtime Unicode|Win32
		{34ED725D-5BCF-46C5-8250-14A8443B6035}.Runtime Unicode|Win32.Build.0 = Runtime Unicode|Win32
		{34ED725D-5BCF-46C5-8250-14A8443B6035}.Runtime|Win32.ActiveCfg = Runtime|Win32
		{34ED725D-5BCF-46C5-8250-14A8443B6035}.Runtime|Win32.Build.0 = Runtime|Win32
		{34ED725D-5BCF-46C5-8250-14A8443B6035}.Vitalize|Win32.ActiveCfg = Runtime|Win32
		{3D1F768D-58B5-4274-B655-9E84894F3AD2}.Debug Unicode|Win32.ActiveCfg = Debug|Win32
		{3D1F768D-58B5-4274-B655-9E84894F3AD2}.Debug|Win32.ActiveCfg = Debug|Win32
		{3D1F768D-58B5-4274-B655-9E84894F3AD2}.Debug|Win32.Build.0 = Debug|Win32
		{3D1F768D-58B5-4274-B655-9E84894F3AD2}.Edittime French|Win32.ActiveCfg = Edittime|Win32
		{3D1F768D-58B5-4274-B655-9E84894F3AD2}.Edittime Unicode|Win32.ActiveCfg = Edittime|Win32
		{3D1F768D-58B5-4274-B655-9E84894F3AD2}.Edittime|Win32.ActiveCfg = Edittime|Win32
		{3D1F768D-58B5-4274-B655-9E84894F3AD2}.Edittime|Win32.Build.0 = Edittime|Win32
		{3D1F768D-58B5-4274-B655-9E84894F3AD2}.Runtime French|Win32.ActiveCfg = Runtime|Win32
		{3D1F768D-58B5-4274-B655-9E84894F3AD2}.Runtime Unicode|Win32.ActiveCfg = Runtime|Win32
		{3D1F768D-58B5-4274-B655-9E84894F3AD2}.Runtime|Win32.ActiveCfg = Runtime|Win32
		{3D1F768D-58B5-4274-B655-9E84894F3AD2}.Runtime|Win32.Build.0 = Runtime|Win32
		{3D1F768D-58B5-4274-B655-9E84894F3AD2}.Vitalize|Win32.ActiveCfg = Runtime|Win32
		{3076A22E-5B51-4CD0-831D-69F0268031B5}.Debug Unicode|Win32.ActiveCfg = Debug Unicode|Win32
		{3076A22E-5B51-4CD0-831D-69F0268031B5}.Debug Unicode|Win32.Build.0 = Debug Unicode|Win32
		{3076A22E-5B51-4CD0-831D-69F0268031B5}.Debug|Win32.ActiveCfg = Debug|Win32
		{3076A22E-5B51-4CD0-831D-69F0268031B5}.Debug|Win32.Build.0 = Debug|Win32
		{3076A22E-5B51-4CD0-831D-69F0268031B5}.Edittime French|Win32.ActiveCfg = Edittime|Win32
		{3076A22E-5B51-4CD0-831D-69F0268031B5}.Edittime Unicode|Win32.ActiveCfg = Edittime Unicode|Win32
		{3076A22E-5B51-4CD0-831D-69F0268031B5}.Edittime Unicode|Win32.Build.0 = Edittime Unicode|Win32
		{3076A22E-5B51-4CD0-831D-69F0268031B5}.Edittime|Win32.ActiveCfg = Edittime|Win32
		{3076A22E-5B51-4CD0-831D-69F0268031B5}.Edittime|Win32.Build.0 = Edittime|Win32
		{3076A22E-5B51-4CD0-831D-69F0268031B5}.Runtime French|Win32.ActiveCfg = Runtime|Win32
		{3076A22E-5B51-4CD0-831D-69F0268031B5}.Runtime Unicode|Win32.ActiveCfg = Runtime Unicode|Win32
		{3076A22E-5B51-4CD0-831D-69F0268031B5}.Runtime Unicode|Win32.Build.0 = Runtime Unicode|Win32
		{3076A22E-5B51-4CD0-831D-69F0268031B5}.Runtime|Win32.ActiveCfg = Runtime|Win32
		{3076A22E-5B51-4CD0-831D-69F0268031B5}.Runtime|Win32.Build.0 = Runtime|Win32
		{3076A22E-5B51-4CD0-831D-69F0268031B5}.Vitalize|Win32.ActiveCfg = Runtime|Win32
		{BF2B00B2-C4FF-48BC-A2B8-4646B1A29FB9}.Debug Unicode|Win32.ActiveCfg = Debug|Win32
		{BF2B00B2-C4FF-48BC-A2B8-4646B1A29FB9}.Debug|Win32.ActiveCfg = Debug|Win32
		{BF2B00B2-C4FF-48BC-A2B8-4646B1A29FB9}.Debug|Win32.Build.0 = Debug|Win32
		{BF2B00B2-C4FF-48BC-A2B8-4646B1A29FB9}.Edittime French|Win32.ActiveCfg = Edittime|Win32
		{BF2B00B2-C4FF-48BC-A2B8-4646B1A29FB9}.Edittime Unicode|Win32.ActiveCfg = Edittime|Win32
		{BF2B00B2-C4FF-48BC-A2B8-4646B1A29FB9}.Edittime|Win32.ActiveCfg = Edittime|Win32
		{BF2B00B2-C4FF-48BC-A2B8-4646B1A29FB9}.Edittime|Win32.Build.0 = Edittime|Win32
		{BF2B00B2-C4FF-48BC-A2B8-4646B1A29FB9}.Runtime French|Win32.ActiveCfg = Runtime|Win32
		{BF2B00B2-C4FF-48BC-A2B8-4646B1A29FB9}.Runtime Unicode|Win32.ActiveCfg = Runtime|Win32
		{BF2B00B2-C4FF-48BC-A2B8-4646B1A29FB9}.Runtime|Win32.ActiveCfg = Runtime|Win32
		{BF2B00B2-C4FF-48BC-A2B8-4646B1A29FB9}.Runtime|Win32.Build.0 = Runtime|Win32
		{BF2B00B2-C4FF-48BC-A2B8-4646B1A29FB9}.Vitalize|Win32.ActiveCfg = Runtime|Win32
		{2C86B0A6-EEB7-4395-9F22-2D1217972D63}.Debug Unicode|Win32.ActiveCfg = Debug Unicode|Win32
		{2C86B0A6-EEB7-4395-9F22-2D1217972D63}.Debug Unicode|Win32.Build.0 = Debug Unicode|Win32
		{2C86B0A6-EEB7-4395-9F22-2D1217972D63}.Debug|Win32.ActiveCfg = Debug|Win32
		{2C86B0A6-EEB7-4395-9F22-2D1217972D63}.Debug|Win32.Build.0 = Debug|Win32
		{2C86B0A6-EEB7-4395-9F22-2D1217972D63}.Edittime French|Win32.ActiveCfg = Edittime|Win32
		{2C86B0A6-EEB7-4395-9F22-2D1217972D63}.Edittime Unicode|Win32.ActiveCfg = Edittime Unicode|Win32
		{2C86B0A6-EEB7-4395-9F22-2D1217972D63}.Edittime Unicode|Win32.Build.0 = Edittime Unicode|Win32
		{2C86B0A6-EEB7-4395-9F22-2D1217972D63}.Edittime|Win32.ActiveCfg = Edittime|Win32
		{2C86B0A6-EEB7-4395-9F22-2D1217972D63}.Edittime|Win32.Build.0 = Edittime|Win32
		{2C86B0A6-EEB7-4395-9F22-2D1217972D63}.Runtime French|Win32.ActiveCfg = Runtime|Win32
		{2C86B0A6-EEB7-4395-9F22-2D1217972D63}.Runtime Unicode|Win32.ActiveCfg = Runtime Unicode|Win32
		{2C86B0A6-EEB7-4395-9F22-2D1217972D63}.Runtime Unicode|Win32.Build.0 = Runtime Unicode|Win32
		{2C86B0A6-EEB7-4395-9F22-2D1217972D63}.Runtime|Win32.ActiveCfg = Runtime|Win32
		{2C86B0A6-EEB7-4395-9F22-2D1217972D63}.Runtime|Win32.Build.0 = Runtime|Win32
		{2C86B0A6-EEB7-4395-9F22-2D1217972D63}.Vitalize|Win32.ActiveCfg = Runtime|Win32
		{73003153-A942-4183-9B2B-DC69CDDF3445}.Debug Unicode|Win32.ActiveCfg = Debug|Win32
		{73003153-A942-4183-9B2B-DC69CDDF3445}.Debug|Win32.ActiveCfg = Debug|Win32
		{73003153-A942-4183-9B2B-DC69CDDF3445}.Debug|Win32.Build.0 = Debug|Win32
		{73003153-A942-4183-9B2B-DC69CDDF3445}.Edittime French|Win32.ActiveCfg = Edittime|Win32
		{73003153-A942-4183-9B2B-DC69CDDF3445}.Edittime Unicode|Win32.ActiveCfg = Edittime|Win32
		{73003153-A942-4183-9B2B-DC69CDDF3445}.Edittime|Win32.ActiveCfg = Edittime|Win32
		{73003153-A942-4183-9B2B-DC69CDDF3445}.Edittime|Win32.Build.0 = Edittime|Win32
		{73003153-A942-4183-9B2B-DC69CDDF3445}.Runtime French|Win32.ActiveCfg = Runtime|Win32
		{73003153-A942-4183-9B2B-DC69CDDF3445}.Runtime Unicode|Win32.ActiveCfg = Runtime|Win32
		{73003153-A942-4183-9B2B-DC69CDDF3445}.Runtime|Win32.ActiveCfg = Runtime|Win32
		{73003153-A942-4183-9B2B-DC69CDDF3445}.Runtime|Win32.Build.0 = Runtime|Win32
		{73003153-A942-4183-9B2B-DC69CDDF3445}.Vitalize|Win32.ActiveCfg = Vitalize|Win32
		{73003153-A942-4183-9B2B-DC69CDDF3445}.Vitalize|Win32.Build.0 = Vitalize|Win32
		{29B44557-9BC0-43BC-BBF6-0AB4C9B69198}.Debug Unicode|Win32.ActiveCfg = Debug|Win32
		{29B44557-9BC0-43BC-BBF6-0AB4C9B69198}.Debug|Win32.ActiveCfg = Debug|Win32
		{29B44557-9BC0-43BC-BBF6-0AB4C9B69198}.Debug|Win32.Build.0 = Debug|Win32
		{29B44557-9BC0-43BC-BBF6-0AB4C9B69198}.Edittime French|Win32.ActiveCfg = Edittime|Win32
		{29B44557-9BC0-43BC-BBF6-0AB4C9B69198}.Edittime Unicode|Win32.ActiveCfg = Edittime|Win32
		{29B44557-9BC0-43BC-BBF6-0AB4C9B69198}.Edittime|Win32.ActiveCfg = Edittime|Win32
		{29B44557-9BC0-43BC-BBF6-0AB4C9B69198}.Edittime|Win32.Build.0 = Edittime|Win32
		{29B44557-9BC0-43BC-BBF6-0AB4C9B69198}.Runtime French|Win32.ActiveCfg = Runtime|Win32
		{29B44557-9BC0-43BC-BBF6-0AB4C9B69198}.Runtime Unicode|Win32.ActiveCfg = Runtime|Win32
		{29B44557-9BC0-43BC-BBF6-0AB4C9B69198}.Runtime|Win32.ActiveCfg = Runtime|Win32
		{29B44557-9BC0-43BC-BBF6-0AB4C9B69198}.Runtime|Win32.Build.0 = Runtime|Win32
		{29B44557-9BC0-43BC-BBF6-0AB4C9B69198}.Vitalize|Win32.ActiveCfg = Vitalize|Win32
		{29B44557-9BC0-43BC-BBF6-0AB4C9B69198}.Vitalize|Win32.Build.0 = Vitalize|Win32
		{2196C17D-EDAC-43AD-AF88-1D7D6CBD9145}.Debug Unicode|Win32.ActiveCfg = Debug|Win32
		{2196C17D-EDAC-43AD-AF88-1D7D6CBD9145}.Debug|Win32.ActiveCfg = Debug|Win32
		{2196C17D-EDAC-43AD-AF88-1D7D6CBD9145}.Debug|Win32.Build.0 = Debug|Win32
		{2196C17D-EDAC-43AD-AF88-1D7D6CBD9145}.Edittime French|Win32.ActiveCfg = Edittime|Win32
		{2196C17D-EDAC-43AD-AF88-1D7D6CBD9145}.Edittime Unicode|Win32.ActiveCfg = Edittime|Win32
		{2196C17D-EDAC-43AD-AF88-1D7D6CBD9145}.Edittime|Win32.ActiveCfg = Edittime|Win32
		{2196C17D-EDAC-43AD-AF88-1D7D6CBD9145}.Edittime|Win32.Build.0 = Edittime|Win32
		{2196C17D-EDAC-43AD-AF88-1D7D6CBD9145}.Runtime French|Win32.ActiveCfg = Runtime|Win32
		{2196C17D-EDAC-43AD-AF88-1D7D6CBD9145}.Runtime Unicode|Win32.ActiveCfg = Runtime|Win32
		{2196C17D-EDAC-43AD-AF88-1D7D6CBD9145}.Runtime|Win32.ActiveCfg = Runtime|Win32
		{2196C17D-EDAC-43AD-AF88-1D7D6CBD9145}.Runtime|Win32.Build.0 = Runtime|Win32
		{2196C17D-EDAC-43AD-AF88-1D7D6CBD9145}.Vitalize|Win32.ActiveCfg = Vitalize|Win32
		{2196C17D-EDAC-43AD-AF88-1D7D6CBD9145}.Vitalize|Win32.Build.0 = Vitalize|Win32
		{5BC0EA76-0F7D-4F52-ADC9-CE378742E9B9}.Debug Unicode|Win32.ActiveCfg = Debug|Win32
		{5BC0EA76-0F7D-4F52-ADC9-CE378742E9B9}.Debug|Win32.ActiveCfg = Debug|Win32
		{5BC0EA76-0F7D-4F52-ADC9-CE378742E9B9}.Debug|Win32.Build.0 = Debug|Win32
		{5BC0EA76-0F7D-4F52-ADC9-CE378742E9B9}.Edittime French|Win32.ActiveCfg = Edittime|Win32
		{5BC0EA76-0F7D-4F52-ADC9-CE378742E9B9}.Edittime Unicode|Win32.ActiveCfg = Edittime|Win32
		{5BC0EA76-0F7D-4F52-ADC9-CE378742E9B9}.Edittime|Win32.ActiveCfg = Edittime|Win32
		{5BC0EA76-0F7D-4F52-ADC9-CE378742E9B9}.Edittime|Win32.Build.0 = Edittime|Win32
		{5BC0EA76-0F7D-4F52-ADC9-CE378742E9B9}.Runtime French|Win32.ActiveCfg = Runtime|Win32
		{5BC0EA76-0F7D-4F52-ADC9-CE378742E9B9}.Runtime Unicode|Win32.ActiveCfg = Runtime|Win32
		{5BC0EA76-0F7D-4F52-ADC9-CE378742E9B9}.Runtime|Win32.ActiveCfg = Runtime|Win32
		{5BC0EA76-0F7D-4F52-ADC9-CE378742E9B9}.Runtime|Win32.Build.0 = Runtime|Win32
		{5BC0EA76-0F7D-4F52-ADC9-CE378742E9B9}.Vitalize|Win32.ActiveCfg = Vitalize|Win32
		{5BC0EA76-0F7D-4F52-ADC9-CE378742E9B9}.Vitalize|Win32.Build.0 = Vitalize|Win32
		{AAF834BB-E8B2-49B8-8086-0FCD7E7DE7A6}.Debug Unicode|Win32.ActiveCfg = Debug Unicode|Win32
		{AAF834BB-E8B2-49B8-8086-0FCD7E7DE7A6}.Debug Unicode|Win32.Build.0 = Debug Unicode|Win32
		{AAF834BB-E8B2-49B8-8086-0FCD7E7DE7A6}.Debug|Win32.ActiveCfg = Debug|Win32
		{AAF834BB-E8B2-49B8-8086-0FCD7E7DE7A6}.Debug|Win32.Build.0 = Debug|Win32
		{AAF834BB-E8B2-49B8-8086-0FCD7E7DE7A6}.Edittime French|Win32.ActiveCfg = Edittime|Win32
		{AAF834BB-E8B2-49B8-8086-0FCD7E7DE7A6}.Edittime Unicode|Win32.ActiveCfg = Edittime Unicode|Win32
		{AAF834BB-E8B2-49B8-8086-0FCD7E7DE7A6}.Edittime Unicode|Win32.Build.0 = Edittime Unicode|Win32
		{AAF834BB-E8B2-49B8-8086-0FCD7E7DE7A6}.Edittime|Win32.ActiveCfg = Edittime|Win32
		{AAF834BB-E8B2-49B8-8086-0FCD7E7DE7A6}.Edittime|Win32.Build.0 = Edittime|Win32
		{AAF834BB-E8B2-49B8-8086-0FCD7E7DE7A6}.Runtime French|Win32.ActiveCfg = Runtime|Win32
		{AAF834BB-E8B2-49B8-8086-0FCD7E7DE7A6}.Runtime Unicode|Win32.ActiveCfg = Runtime Unicode|Win32
		{AAF834BB-E8B2-49B8-8086-0FCD7E7DE7A6}.Runtime Unicode|Win32.Build.0 = Runtime Unicode|Win32
		{AAF834BB-E8B2-49B8-8086-0FCD7E7DE7A6}.Runtime|Win32.ActiveCfg = Runtime|Win32
		{AAF834BB-E8B2-49B8-8086-0FCD7E7DE7A6}.Runtime|Win32.Build.0 = Runtime|Win32
		{AAF834BB-E8B2-49B8-8086-0FCD7E7DE7A6}.Vitalize|Win32.ActiveCfg = Vitalize|Win32
		{AAF834BB-E8B2-49B8-8086-0FCD7E7DE7A6}.Vitalize|Win32.Build.0 = Vitalize|Win32
	EndGlobalSection
	GlobalSection(SolutionProperties) = preSolution
		HideSolutionNode = FALSE
	EndGlobalSection
EndGlobal
