
Microsoft Visual Studio Solution File, Format Version 12.00
# Visual Studio Version 16
VisualStudioVersion = 16.0.29319.158
MinimumVisualStudioVersion = 10.0.40219.1
Project("{8BC9CEB8-8B4A-11D0-8D11-00A0C91BC942}") = "Bluewing Client", "DarkEdif\Bluewing Client\Bluewing Client.vcxproj", "{7BC7F91B-80E1-4F73-8A95-480962EB4E06}"
EndProject
Project("{8BC9CEB8-8B4A-11D0-8D11-00A0C91BC942}") = "Bluewing Server", "DarkEdif\Bluewing Server\Bluewing Server.vcxproj", "{1B15E55D-4945-41B7-8B4F-DC100B1D326C}"
EndProject
Project("{8BC9CEB8-8B4A-11D0-8D11-00A0C91BC942}") = "DarkEdif Template", "DarkEdif\DarkEdif Template\DarkEdif Template.vcxproj", "{0FC68544-B3E5-4632-9BBA-7A84EADFC38E}"
EndProject
Global
	GlobalSection(SolutionConfigurationPlatforms) = preSolution
		Debug Unicode|Win32 = Debug Unicode|Win32
		Debug|Win32 = Debug|Win32
		Edittime French|Win32 = Edittime French|Win32
		Edittime Unicode|Win32 = Edittime Unicode|Win32
		Edittime|Win32 = Edittime|Win32
		Runtime French|Win32 = Runtime French|Win32
		Runtime Unicode|Win32 = Runtime Unicode|Win32
		Runtime|Win32 = Runtime|Win32
		Vitalize|Win32 = Vitalize|Win32
	EndGlobalSection
	GlobalSection(ProjectConfigurationPlatforms) = postSolution
		{7BC7F91B-80E1-4F73-8A95-480962EB4E06}.Debug Unicode|Win32.ActiveCfg = Debug|Win32
		{7BC7F91B-80E1-4F73-8A95-480962EB4E06}.Debug Unicode|Win32.Build.0 = Debug|Win32
		{7BC7F91B-80E1-4F73-8A95-480962EB4E06}.Debug|Win32.ActiveCfg = Debug|Win32
		{7BC7F91B-80E1-4F73-8A95-480962EB4E06}.Debug|Win32.Build.0 = Debug|Win32
		{7BC7F91B-80E1-4F73-8A95-480962EB4E06}.Edittime French|Win32.ActiveCfg = Edittime|Win32
		{7BC7F91B-80E1-4F73-8A95-480962EB4E06}.Edittime Unicode|Win32.ActiveCfg = Edittime|Win32
		{7BC7F91B-80E1-4F73-8A95-480962EB4E06}.Edittime Unicode|Win32.Build.0 = Edittime|Win32
		{7BC7F91B-80E1-4F73-8A95-480962EB4E06}.Edittime|Win32.ActiveCfg = Edittime|Win32
		{7BC7F91B-80E1-4F73-8A95-480962EB4E06}.Edittime|Win32.Build.0 = Edittime|Win32
		{7BC7F91B-80E1-4F73-8A95-480962EB4E06}.Runtime French|Win32.ActiveCfg = Runtime|Win32
		{7BC7F91B-80E1-4F73-8A95-480962EB4E06}.Runtime Unicode|Win32.ActiveCfg = Runtime|Win32
		{7BC7F91B-80E1-4F73-8A95-480962EB4E06}.Runtime Unicode|Win32.Build.0 = Runtime|Win32
		{7BC7F91B-80E1-4F73-8A95-480962EB4E06}.Runtime|Win32.ActiveCfg = Runtime|Win32
		{7BC7F91B-80E1-4F73-8A95-480962EB4E06}.Runtime|Win32.Build.0 = Runtime|Win32
		{7BC7F91B-80E1-4F73-8A95-480962EB4E06}.Vitalize|Win32.ActiveCfg = Debug|Win32
		{1B15E55D-4945-41B7-8B4F-DC100B1D326C}.Debug Unicode|Win32.ActiveCfg = Debug|Win32
		{1B15E55D-4945-41B7-8B4F-DC100B1D326C}.Debug|Win32.ActiveCfg = Debug|Win32
		{1B15E55D-4945-41B7-8B4F-DC100B1D326C}.Debug|Win32.Build.0 = Debug|Win32
		{1B15E55D-4945-41B7-8B4F-DC100B1D326C}.Edittime French|Win32.ActiveCfg = Edittime|Win32
		{1B15E55D-4945-41B7-8B4F-DC100B1D326C}.Edittime Unicode|Win32.ActiveCfg = Edittime|Win32
		{1B15E55D-4945-41B7-8B4F-DC100B1D326C}.Edittime|Win32.ActiveCfg = Edittime|Win32
		{1B15E55D-4945-41B7-8B4F-DC100B1D326C}.Edittime|Win32.Build.0 = Edittime|Win32
		{1B15E55D-4945-41B7-8B4F-DC100B1D326C}.Runtime French|Win32.ActiveCfg = Runtime|Win32
		{1B15E55D-4945-41B7-8B4F-DC100B1D326C}.Runtime Unicode|Win32.ActiveCfg = Runtime|Win32
		{1B15E55D-4945-41B7-8B4F-DC100B1D326C}.Runtime|Win32.ActiveCfg = Runtime|Win32
		{1B15E55D-4945-41B7-8B4F-DC100B1D326C}.Runtime|Win32.Build.0 = Runtime|Win32
		{1B15E55D-4945-41B7-8B4F-DC100B1D326C}.Vitalize|Win32.ActiveCfg = Debug|Win32
		{0FC68544-B3E5-4632-9BBA-7A84EADFC38E}.Debug Unicode|Win32.ActiveCfg = Debug Unicode|Win32
		{0FC68544-B3E5-4632-9BBA-7A84EADFC38E}.Debug Unicode|Win32.Build.0 = Debug Unicode|Win32
		{0FC68544-B3E5-4632-9BBA-7A84EADFC38E}.Debug|Win32.ActiveCfg = Debug|Win32
		{0FC68544-B3E5-4632-9BBA-7A84EADFC38E}.Debug|Win32.Build.0 = Debug|Win32
		{0FC68544-B3E5-4632-9BBA-7A84EADFC38E}.Edittime French|Win32.ActiveCfg = Edittime|Win32
		{0FC68544-B3E5-4632-9BBA-7A84EADFC38E}.Edittime Unicode|Win32.ActiveCfg = Edittime Unicode|Win32
		{0FC68544-B3E5-4632-9BBA-7A84EADFC38E}.Edittime Unicode|Win32.Build.0 = Edittime Unicode|Win32
		{0FC68544-B3E5-4632-9BBA-7A84EADFC38E}.Edittime|Win32.ActiveCfg = Edittime|Win32
		{0FC68544-B3E5-4632-9BBA-7A84EADFC38E}.Edittime|Win32.Build.0 = Edittime|Win32
		{0FC68544-B3E5-4632-9BBA-7A84EADFC38E}.Runtime French|Win32.ActiveCfg = Runtime|Win32
		{0FC68544-B3E5-4632-9BBA-7A84EADFC38E}.Runtime Unicode|Win32.ActiveCfg = Runtime Unicode|Win32
		{0FC68544-B3E5-4632-9BBA-7A84EADFC38E}.Runtime Unicode|Win32.Build.0 = Runtime Unicode|Win32
		{0FC68544-B3E5-4632-9BBA-7A84EADFC38E}.Runtime|Win32.ActiveCfg = Runtime|Win32
		{0FC68544-B3E5-4632-9BBA-7A84EADFC38E}.Runtime|Win32.Build.0 = Runtime|Win32
		{0FC68544-B3E5-4632-9BBA-7A84EADFC38E}.Vitalize|Win32.ActiveCfg = Debug|Win32
	EndGlobalSection
	GlobalSection(SolutionProperties) = preSolution
		HideSolutionNode = FALSE
	EndGlobalSection
	GlobalSection(ExtensibilityGlobals) = postSolution
		SolutionGuid = {45C892FB-FEE7-4CAA-B5CA-CAB83E06D99B}
	EndGlobalSection
EndGlobal
