
Microsoft Visual Studio Solution File, Format Version 12.00
# Visual Studio Version 16
VisualStudioVersion = 16.0.33423.256
MinimumVisualStudioVersion = 10.0.40219.1
Project("{8BC9CEB8-8B4A-11D0-8D11-00A0C91BC942}") = "teste.Android", "DarkEdif\teste\teste.Android.vcxproj", "{73E3F42D-0BB5-4B50-981E-F26786D0C9DB}"
EndProject
Project("{8BC9CEB8-8B4A-11D0-8D11-00A0C91BC942}") = "teste.iOS", "DarkEdif\teste\teste.iOS.vcxproj", "{144A18C1-10FD-40ED-8D27-3C51BEEE7E72}"
EndProject
Project("{8BC9CEB8-8B4A-11D0-8D11-00A0C91BC942}") = "teste.Mac", "DarkEdif\teste\teste.Mac.vcxproj", "{7336F447-16D5-4E47-9C5F-0DFF2E99319C}"
EndProject
Project("{8BC9CEB8-8B4A-11D0-8D11-00A0C91BC942}") = "teste.Shared", "DarkEdif\teste\teste.Shared.vcxitems", "{6CAD4E2A-173A-40FB-8925-DD02BE78F407}"
EndProject
Project("{8BC9CEB8-8B4A-11D0-8D11-00A0C91BC942}") = "teste.Windows", "DarkEdif\teste\teste.Windows.vcxproj", "{1D4A6616-EE49-4EFA-9D6F-1230FE025A80}"
EndProject
Global
	GlobalSection(SharedMSBuildProjectFiles) = preSolution
		DarkEdif\teste\teste.Shared.vcxitems*{73e3f42d-0bb5-4b50-981e-f26786d0c9db}*SharedItemImports = 4
		DarkEdif\teste\teste.Shared.vcxitems*{144a18c1-10fd-40ed-8d27-3c51beee7e72}*SharedItemImports = 4
		DarkEdif\teste\teste.Shared.vcxitems*{7336f447-16d5-4e47-9c5f-0dff2e99319c}*SharedItemImports = 4
		DarkEdif\teste\teste.Shared.vcxitems*{6cad4e2a-173a-40fb-8925-dd02be78f407}*SharedItemImports = 9
		DarkEdif\teste\teste.Shared.vcxitems*{1d4a6616-ee49-4efa-9d6f-1230fe025a80}*SharedItemImports = 4
	EndGlobalSection
	GlobalSection(SolutionConfigurationPlatforms) = preSolution
		Debug Unicode|ARM = Debug Unicode|ARM
		Debug Unicode|ARM64 = Debug Unicode|ARM64
		Debug Unicode|x64 = Debug Unicode|x64
		Debug Unicode|x86 = Debug Unicode|x86
		Debug|ARM = Debug|ARM
		Debug|ARM64 = Debug|ARM64
		Debug|x64 = Debug|x64
		Debug|x86 = Debug|x86
		Edittime Unicode|ARM = Edittime Unicode|ARM
		Edittime Unicode|ARM64 = Edittime Unicode|ARM64
		Edittime Unicode|x64 = Edittime Unicode|x64
		Edittime Unicode|x86 = Edittime Unicode|x86
		Edittime|ARM = Edittime|ARM
		Edittime|ARM64 = Edittime|ARM64
		Edittime|x64 = Edittime|x64
		Edittime|x86 = Edittime|x86
		Runtime Unicode|ARM = Runtime Unicode|ARM
		Runtime Unicode|ARM64 = Runtime Unicode|ARM64
		Runtime Unicode|x64 = Runtime Unicode|x64
		Runtime Unicode|x86 = Runtime Unicode|x86
		Runtime|ARM = Runtime|ARM
		Runtime|ARM64 = Runtime|ARM64
		Runtime|x64 = Runtime|x64
		Runtime|x86 = Runtime|x86
	EndGlobalSection
	GlobalSection(ProjectConfigurationPlatforms) = postSolution
		{73E3F42D-0BB5-4B50-981E-F26786D0C9DB}.Debug Unicode|ARM.ActiveCfg = Debug|ARM
		{73E3F42D-0BB5-4B50-981E-F26786D0C9DB}.Debug Unicode|ARM.Build.0 = Debug|ARM
		{73E3F42D-0BB5-4B50-981E-F26786D0C9DB}.Debug Unicode|ARM64.ActiveCfg = Debug|ARM64
		{73E3F42D-0BB5-4B50-981E-F26786D0C9DB}.Debug Unicode|ARM64.Build.0 = Debug|ARM64
		{73E3F42D-0BB5-4B50-981E-F26786D0C9DB}.Debug Unicode|x64.ActiveCfg = Debug|x64
		{73E3F42D-0BB5-4B50-981E-F26786D0C9DB}.Debug Unicode|x64.Build.0 = Debug|x64
		{73E3F42D-0BB5-4B50-981E-F26786D0C9DB}.Debug Unicode|x86.ActiveCfg = Debug|x86
		{73E3F42D-0BB5-4B50-981E-F26786D0C9DB}.Debug Unicode|x86.Build.0 = Debug|x86
		{73E3F42D-0BB5-4B50-981E-F26786D0C9DB}.Debug|ARM.ActiveCfg = Debug|ARM
		{73E3F42D-0BB5-4B50-981E-F26786D0C9DB}.Debug|ARM.Build.0 = Debug|ARM
		{73E3F42D-0BB5-4B50-981E-F26786D0C9DB}.Debug|ARM64.ActiveCfg = Debug|ARM64
		{73E3F42D-0BB5-4B50-981E-F26786D0C9DB}.Debug|ARM64.Build.0 = Debug|ARM64
		{73E3F42D-0BB5-4B50-981E-F26786D0C9DB}.Debug|x64.ActiveCfg = Debug|x64
		{73E3F42D-0BB5-4B50-981E-F26786D0C9DB}.Debug|x64.Build.0 = Debug|x64
		{73E3F42D-0BB5-4B50-981E-F26786D0C9DB}.Debug|x86.ActiveCfg = Debug|x86
		{73E3F42D-0BB5-4B50-981E-F26786D0C9DB}.Debug|x86.Build.0 = Debug|x86
		{73E3F42D-0BB5-4B50-981E-F26786D0C9DB}.Edittime Unicode|ARM.ActiveCfg = Runtime|ARM
		{73E3F42D-0BB5-4B50-981E-F26786D0C9DB}.Edittime Unicode|ARM64.ActiveCfg = Runtime|ARM64
		{73E3F42D-0BB5-4B50-981E-F26786D0C9DB}.Edittime Unicode|x64.ActiveCfg = Runtime|x64
		{73E3F42D-0BB5-4B50-981E-F26786D0C9DB}.Edittime Unicode|x86.ActiveCfg = Runtime|x86
		{73E3F42D-0BB5-4B50-981E-F26786D0C9DB}.Edittime|ARM.ActiveCfg = Runtime|ARM
		{73E3F42D-0BB5-4B50-981E-F26786D0C9DB}.Edittime|ARM64.ActiveCfg = Runtime|ARM64
		{73E3F42D-0BB5-4B50-981E-F26786D0C9DB}.Edittime|x64.ActiveCfg = Runtime|x64
		{73E3F42D-0BB5-4B50-981E-F26786D0C9DB}.Edittime|x86.ActiveCfg = Runtime|x86
		{73E3F42D-0BB5-4B50-981E-F26786D0C9DB}.Runtime Unicode|ARM.ActiveCfg = Runtime|ARM
		{73E3F42D-0BB5-4B50-981E-F26786D0C9DB}.Runtime Unicode|ARM.Build.0 = Runtime|ARM
		{73E3F42D-0BB5-4B50-981E-F26786D0C9DB}.Runtime Unicode|ARM64.ActiveCfg = Runtime|ARM64
		{73E3F42D-0BB5-4B50-981E-F26786D0C9DB}.Runtime Unicode|ARM64.Build.0 = Runtime|ARM64
		{73E3F42D-0BB5-4B50-981E-F26786D0C9DB}.Runtime Unicode|x64.ActiveCfg = Runtime|x64
		{73E3F42D-0BB5-4B50-981E-F26786D0C9DB}.Runtime Unicode|x64.Build.0 = Runtime|x64
		{73E3F42D-0BB5-4B50-981E-F26786D0C9DB}.Runtime Unicode|x86.ActiveCfg = Runtime|x86
		{73E3F42D-0BB5-4B50-981E-F26786D0C9DB}.Runtime Unicode|x86.Build.0 = Runtime|x86
		{73E3F42D-0BB5-4B50-981E-F26786D0C9DB}.Runtime|ARM.ActiveCfg = Runtime|ARM
		{73E3F42D-0BB5-4B50-981E-F26786D0C9DB}.Runtime|ARM.Build.0 = Runtime|ARM
		{73E3F42D-0BB5-4B50-981E-F26786D0C9DB}.Runtime|ARM64.ActiveCfg = Runtime|ARM64
		{73E3F42D-0BB5-4B50-981E-F26786D0C9DB}.Runtime|ARM64.Build.0 = Runtime|ARM64
		{73E3F42D-0BB5-4B50-981E-F26786D0C9DB}.Runtime|x64.ActiveCfg = Runtime|x64
		{73E3F42D-0BB5-4B50-981E-F26786D0C9DB}.Runtime|x64.Build.0 = Runtime|x64
		{73E3F42D-0BB5-4B50-981E-F26786D0C9DB}.Runtime|x86.ActiveCfg = Runtime|x86
		{73E3F42D-0BB5-4B50-981E-F26786D0C9DB}.Runtime|x86.Build.0 = Runtime|x86
		{144A18C1-10FD-40ED-8D27-3C51BEEE7E72}.Debug Unicode|ARM.ActiveCfg = Debug|ARM
		{144A18C1-10FD-40ED-8D27-3C51BEEE7E72}.Debug Unicode|ARM.Build.0 = Debug|ARM
		{144A18C1-10FD-40ED-8D27-3C51BEEE7E72}.Debug Unicode|ARM64.ActiveCfg = Debug|ARM64
		{144A18C1-10FD-40ED-8D27-3C51BEEE7E72}.Debug Unicode|ARM64.Build.0 = Debug|ARM64
		{144A18C1-10FD-40ED-8D27-3C51BEEE7E72}.Debug Unicode|x64.ActiveCfg = Debug|x64
		{144A18C1-10FD-40ED-8D27-3C51BEEE7E72}.Debug Unicode|x64.Build.0 = Debug|x64
		{144A18C1-10FD-40ED-8D27-3C51BEEE7E72}.Debug Unicode|x86.ActiveCfg = Debug|x86
		{144A18C1-10FD-40ED-8D27-3C51BEEE7E72}.Debug Unicode|x86.Build.0 = Debug|x86
		{144A18C1-10FD-40ED-8D27-3C51BEEE7E72}.Debug|ARM.ActiveCfg = Debug|ARM
		{144A18C1-10FD-40ED-8D27-3C51BEEE7E72}.Debug|ARM.Build.0 = Debug|ARM
		{144A18C1-10FD-40ED-8D27-3C51BEEE7E72}.Debug|ARM64.ActiveCfg = Debug|ARM64
		{144A18C1-10FD-40ED-8D27-3C51BEEE7E72}.Debug|ARM64.Build.0 = Debug|ARM64
		{144A18C1-10FD-40ED-8D27-3C51BEEE7E72}.Debug|x64.ActiveCfg = Debug|x64
		{144A18C1-10FD-40ED-8D27-3C51BEEE7E72}.Debug|x64.Build.0 = Debug|x64
		{144A18C1-10FD-40ED-8D27-3C51BEEE7E72}.Debug|x86.ActiveCfg = Debug|x86
		{144A18C1-10FD-40ED-8D27-3C51BEEE7E72}.Debug|x86.Build.0 = Debug|x86
		{144A18C1-10FD-40ED-8D27-3C51BEEE7E72}.Edittime Unicode|ARM.ActiveCfg = Runtime|ARM
		{144A18C1-10FD-40ED-8D27-3C51BEEE7E72}.Edittime Unicode|ARM64.ActiveCfg = Runtime|ARM64
		{144A18C1-10FD-40ED-8D27-3C51BEEE7E72}.Edittime Unicode|x64.ActiveCfg = Runtime|x64
		{144A18C1-10FD-40ED-8D27-3C51BEEE7E72}.Edittime Unicode|x86.ActiveCfg = Runtime|x86
		{144A18C1-10FD-40ED-8D27-3C51BEEE7E72}.Edittime|ARM.ActiveCfg = Runtime|ARM
		{144A18C1-10FD-40ED-8D27-3C51BEEE7E72}.Edittime|ARM64.ActiveCfg = Runtime|ARM64
		{144A18C1-10FD-40ED-8D27-3C51BEEE7E72}.Edittime|x64.ActiveCfg = Runtime|x64
		{144A18C1-10FD-40ED-8D27-3C51BEEE7E72}.Edittime|x86.ActiveCfg = Runtime|x86
		{144A18C1-10FD-40ED-8D27-3C51BEEE7E72}.Runtime Unicode|ARM.ActiveCfg = Runtime|ARM
		{144A18C1-10FD-40ED-8D27-3C51BEEE7E72}.Runtime Unicode|ARM.Build.0 = Runtime|ARM
		{144A18C1-10FD-40ED-8D27-3C51BEEE7E72}.Runtime Unicode|ARM64.ActiveCfg = Runtime|ARM64
		{144A18C1-10FD-40ED-8D27-3C51BEEE7E72}.Runtime Unicode|ARM64.Build.0 = Runtime|ARM64
		{144A18C1-10FD-40ED-8D27-3C51BEEE7E72}.Runtime Unicode|x64.ActiveCfg = Runtime|x64
		{144A18C1-10FD-40ED-8D27-3C51BEEE7E72}.Runtime Unicode|x64.Build.0 = Runtime|x64
		{144A18C1-10FD-40ED-8D27-3C51BEEE7E72}.Runtime Unicode|x86.ActiveCfg = Runtime|x86
		{144A18C1-10FD-40ED-8D27-3C51BEEE7E72}.Runtime Unicode|x86.Build.0 = Runtime|x86
		{144A18C1-10FD-40ED-8D27-3C51BEEE7E72}.Runtime|ARM.ActiveCfg = Runtime|ARM
		{144A18C1-10FD-40ED-8D27-3C51BEEE7E72}.Runtime|ARM.Build.0 = Runtime|ARM
		{144A18C1-10FD-40ED-8D27-3C51BEEE7E72}.Runtime|ARM64.ActiveCfg = Runtime|ARM64
		{144A18C1-10FD-40ED-8D27-3C51BEEE7E72}.Runtime|ARM64.Build.0 = Runtime|ARM64
		{144A18C1-10FD-40ED-8D27-3C51BEEE7E72}.Runtime|x64.ActiveCfg = Runtime|x64
		{144A18C1-10FD-40ED-8D27-3C51BEEE7E72}.Runtime|x64.Build.0 = Runtime|x64
		{144A18C1-10FD-40ED-8D27-3C51BEEE7E72}.Runtime|x86.ActiveCfg = Runtime|x86
		{144A18C1-10FD-40ED-8D27-3C51BEEE7E72}.Runtime|x86.Build.0 = Runtime|x86
		{7336F447-16D5-4E47-9C5F-0DFF2E99319C}.Debug Unicode|ARM.ActiveCfg = Debug|ARM64
		{7336F447-16D5-4E47-9C5F-0DFF2E99319C}.Debug Unicode|ARM64.ActiveCfg = Debug|ARM64
		{7336F447-16D5-4E47-9C5F-0DFF2E99319C}.Debug Unicode|ARM64.Build.0 = Debug|ARM64
		{7336F447-16D5-4E47-9C5F-0DFF2E99319C}.Debug Unicode|x64.ActiveCfg = Debug|x64
		{7336F447-16D5-4E47-9C5F-0DFF2E99319C}.Debug Unicode|x64.Build.0 = Debug|x64
		{7336F447-16D5-4E47-9C5F-0DFF2E99319C}.Debug Unicode|x86.ActiveCfg = Debug|ARM64
		{7336F447-16D5-4E47-9C5F-0DFF2E99319C}.Debug|ARM.ActiveCfg = Debug|ARM64
		{7336F447-16D5-4E47-9C5F-0DFF2E99319C}.Debug|ARM64.ActiveCfg = Debug|ARM64
		{7336F447-16D5-4E47-9C5F-0DFF2E99319C}.Debug|ARM64.Build.0 = Debug|ARM64
		{7336F447-16D5-4E47-9C5F-0DFF2E99319C}.Debug|x64.ActiveCfg = Debug|x64
		{7336F447-16D5-4E47-9C5F-0DFF2E99319C}.Debug|x64.Build.0 = Debug|x64
		{7336F447-16D5-4E47-9C5F-0DFF2E99319C}.Debug|x86.ActiveCfg = Debug|ARM64
		{7336F447-16D5-4E47-9C5F-0DFF2E99319C}.Edittime Unicode|ARM.ActiveCfg = Runtime|ARM64
		{7336F447-16D5-4E47-9C5F-0DFF2E99319C}.Edittime Unicode|ARM64.ActiveCfg = Runtime|ARM64
		{7336F447-16D5-4E47-9C5F-0DFF2E99319C}.Edittime Unicode|x64.ActiveCfg = Runtime|x64
		{7336F447-16D5-4E47-9C5F-0DFF2E99319C}.Edittime Unicode|x86.ActiveCfg = Runtime|ARM64
		{7336F447-16D5-4E47-9C5F-0DFF2E99319C}.Edittime|ARM.ActiveCfg = Runtime|ARM64
		{7336F447-16D5-4E47-9C5F-0DFF2E99319C}.Edittime|ARM64.ActiveCfg = Runtime|ARM64
		{7336F447-16D5-4E47-9C5F-0DFF2E99319C}.Edittime|x64.ActiveCfg = Runtime|x64
		{7336F447-16D5-4E47-9C5F-0DFF2E99319C}.Edittime|x86.ActiveCfg = Runtime|ARM64
		{7336F447-16D5-4E47-9C5F-0DFF2E99319C}.Runtime Unicode|ARM.ActiveCfg = Runtime|ARM64
		{7336F447-16D5-4E47-9C5F-0DFF2E99319C}.Runtime Unicode|ARM64.ActiveCfg = Runtime|ARM64
		{7336F447-16D5-4E47-9C5F-0DFF2E99319C}.Runtime Unicode|ARM64.Build.0 = Runtime|ARM64
		{7336F447-16D5-4E47-9C5F-0DFF2E99319C}.Runtime Unicode|x64.ActiveCfg = Runtime|x64
		{7336F447-16D5-4E47-9C5F-0DFF2E99319C}.Runtime Unicode|x64.Build.0 = Runtime|x64
		{7336F447-16D5-4E47-9C5F-0DFF2E99319C}.Runtime Unicode|x86.ActiveCfg = Runtime|ARM64
		{7336F447-16D5-4E47-9C5F-0DFF2E99319C}.Runtime|ARM.ActiveCfg = Runtime|ARM64
		{7336F447-16D5-4E47-9C5F-0DFF2E99319C}.Runtime|ARM64.ActiveCfg = Runtime|ARM64
		{7336F447-16D5-4E47-9C5F-0DFF2E99319C}.Runtime|ARM64.Build.0 = Runtime|ARM64
		{7336F447-16D5-4E47-9C5F-0DFF2E99319C}.Runtime|x64.ActiveCfg = Runtime|x64
		{7336F447-16D5-4E47-9C5F-0DFF2E99319C}.Runtime|x64.Build.0 = Runtime|x64
		{7336F447-16D5-4E47-9C5F-0DFF2E99319C}.Runtime|x86.ActiveCfg = Runtime|ARM64
		{1D4A6616-EE49-4EFA-9D6F-1230FE025A80}.Debug Unicode|ARM.ActiveCfg = Debug Unicode|Win32
		{1D4A6616-EE49-4EFA-9D6F-1230FE025A80}.Debug Unicode|ARM64.ActiveCfg = Debug Unicode|Win32
		{1D4A6616-EE49-4EFA-9D6F-1230FE025A80}.Debug Unicode|x64.ActiveCfg = Debug Unicode|Win32
		{1D4A6616-EE49-4EFA-9D6F-1230FE025A80}.Debug Unicode|x86.ActiveCfg = Debug Unicode|Win32
		{1D4A6616-EE49-4EFA-9D6F-1230FE025A80}.Debug Unicode|x86.Build.0 = Debug Unicode|Win32
		{1D4A6616-EE49-4EFA-9D6F-1230FE025A80}.Debug|ARM.ActiveCfg = Debug|Win32
		{1D4A6616-EE49-4EFA-9D6F-1230FE025A80}.Debug|ARM64.ActiveCfg = Debug|Win32
		{1D4A6616-EE49-4EFA-9D6F-1230FE025A80}.Debug|x64.ActiveCfg = Debug|Win32
		{1D4A6616-EE49-4EFA-9D6F-1230FE025A80}.Debug|x86.ActiveCfg = Debug|Win32
		{1D4A6616-EE49-4EFA-9D6F-1230FE025A80}.Debug|x86.Build.0 = Debug|Win32
		{1D4A6616-EE49-4EFA-9D6F-1230FE025A80}.Edittime Unicode|ARM.ActiveCfg = Edittime Unicode|Win32
		{1D4A6616-EE49-4EFA-9D6F-1230FE025A80}.Edittime Unicode|ARM64.ActiveCfg = Edittime Unicode|Win32
		{1D4A6616-EE49-4EFA-9D6F-1230FE025A80}.Edittime Unicode|x64.ActiveCfg = Edittime Unicode|Win32
		{1D4A6616-EE49-4EFA-9D6F-1230FE025A80}.Edittime Unicode|x86.ActiveCfg = Edittime Unicode|Win32
		{1D4A6616-EE49-4EFA-9D6F-1230FE025A80}.Edittime Unicode|x86.Build.0 = Edittime Unicode|Win32
		{1D4A6616-EE49-4EFA-9D6F-1230FE025A80}.Edittime|ARM.ActiveCfg = Edittime|Win32
		{1D4A6616-EE49-4EFA-9D6F-1230FE025A80}.Edittime|ARM64.ActiveCfg = Edittime|Win32
		{1D4A6616-EE49-4EFA-9D6F-1230FE025A80}.Edittime|x64.ActiveCfg = Edittime|Win32
		{1D4A6616-EE49-4EFA-9D6F-1230FE025A80}.Edittime|x86.ActiveCfg = Edittime|Win32
		{1D4A6616-EE49-4EFA-9D6F-1230FE025A80}.Edittime|x86.Build.0 = Edittime|Win32
		{1D4A6616-EE49-4EFA-9D6F-1230FE025A80}.Runtime Unicode|ARM.ActiveCfg = Runtime Unicode|Win32
		{1D4A6616-EE49-4EFA-9D6F-1230FE025A80}.Runtime Unicode|ARM64.ActiveCfg = Runtime Unicode|Win32
		{1D4A6616-EE49-4EFA-9D6F-1230FE025A80}.Runtime Unicode|x64.ActiveCfg = Runtime Unicode|Win32
		{1D4A6616-EE49-4EFA-9D6F-1230FE025A80}.Runtime Unicode|x86.ActiveCfg = Runtime Unicode|Win32
		{1D4A6616-EE49-4EFA-9D6F-1230FE025A80}.Runtime Unicode|x86.Build.0 = Runtime Unicode|Win32
		{1D4A6616-EE49-4EFA-9D6F-1230FE025A80}.Runtime|ARM.ActiveCfg = Runtime|Win32
		{1D4A6616-EE49-4EFA-9D6F-1230FE025A80}.Runtime|ARM64.ActiveCfg = Runtime|Win32
		{1D4A6616-EE49-4EFA-9D6F-1230FE025A80}.Runtime|x64.ActiveCfg = Runtime|Win32
		{1D4A6616-EE49-4EFA-9D6F-1230FE025A80}.Runtime|x86.ActiveCfg = Runtime|Win32
		{1D4A6616-EE49-4EFA-9D6F-1230FE025A80}.Runtime|x86.Build.0 = Runtime|Win32
	EndGlobalSection
	GlobalSection(SolutionProperties) = preSolution
		HideSolutionNode = FALSE
	EndGlobalSection
	GlobalSection(ExtensibilityGlobals) = postSolution
		SolutionGuid = {DFCC5FFA-1F60-4888-ABD9-3A92D1FDDD0A}
	EndGlobalSection
EndGlobal
