<?xml version="1.0" encoding="utf-8"?>
<Project ToolsVersion="4.0" xmlns="http://schemas.microsoft.com/developer/msbuild/2003">
  <ItemGroup>
    <Filter Include="Source Files">
      <UniqueIdentifier>{e4acfb15-7cae-443d-a239-c7864a1c2f22}</UniqueIdentifier>
      <Extensions>cpp;c;cxx;rc;def;r;odl;idl;hpj;bat</Extensions>
    </Filter>
    <Filter Include="Header Files">
      <UniqueIdentifier>{bd5ff47a-6f78-4c30-8765-646e41b99c39}</UniqueIdentifier>
      <Extensions>h;hpp;hxx;hm;inl</Extensions>
    </Filter>
    <Filter Include="Resource Files">
      <UniqueIdentifier>{26363e44-91a0-4e81-838d-783a1b46ff57}</UniqueIdentifier>
      <Extensions>ico;cur;bmp;dlg;rc2;rct;bin;rgs;gif;jpg;jpeg;jpe</Extensions>
    </Filter>
    <Filter Include="Global to all extensions">
      <UniqueIdentifier>{bd69ee74-00bc-4b06-b6ea-3f3b6c43ec21}</UniqueIdentifier>
    </Filter>
    <Filter Include="Global to all extensions\Edif">
      <UniqueIdentifier>{a0aeddc6-c8ba-4357-9908-2fb168b5dc94}</UniqueIdentifier>
    </Filter>
    <Filter Include="Global to all extensions\Edif\JSON">
      <UniqueIdentifier>{a7cc3998-2b9e-4d81-8944-0753fe246ce3}</UniqueIdentifier>
    </Filter>
  </ItemGroup>
  <ItemGroup>
    <ClCompile Include="Actions.cpp">
      <Filter>Source Files</Filter>
    </ClCompile>
    <ClCompile Include="Edittime.cpp">
      <Filter>Source Files</Filter>
    </ClCompile>
    <ClCompile Include="Extension.cpp">
      <Filter>Source Files</Filter>
    </ClCompile>
    <ClCompile Include="Runtime.cpp">
      <Filter>Source Files</Filter>
    </ClCompile>
    <ClCompile Include="InternalFuncs.cpp">
      <Filter>Source Files</Filter>
    </ClCompile>
    <ClCompile Include="Conditions.cpp">
      <Filter>Source Files</Filter>
    </ClCompile>
    <ClCompile Include="Expressions.cpp">
      <Filter>Source Files</Filter>
    </ClCompile>
    <ClCompile Include="..\Lib\Shared\json.cpp">
      <Filter>Global to all extensions\Edif\JSON</Filter>
    </ClCompile>
    <ClCompile Include="..\Lib\Shared\DarkEdif.cpp">
      <Filter>Global to all extensions\Edif</Filter>
    </ClCompile>
    <ClCompile Include="..\Lib\Shared\Edif.cpp">
      <Filter>Global to all extensions\Edif</Filter>
    </ClCompile>
    <ClCompile Include="..\Lib\Windows\Edif.Edittime.cpp">
      <Filter>Global to all extensions\Edif</Filter>
    </ClCompile>
    <ClCompile Include="..\Lib\Shared\Edif.General.cpp">
      <Filter>Global to all extensions\Edif</Filter>
    </ClCompile>
    <ClCompile Include="..\Lib\Shared\Edif.Runtime.cpp">
      <Filter>Global to all extensions\Edif</Filter>
    </ClCompile>
    <ClCompile Include="..\Lib\Shared\ObjectSelection.cpp">
      <Filter>Global to all extensions</Filter>
    </ClCompile>
    <ClCompile Include="..\Lib\Shared\SurfaceMultiPlat.cpp">
      <Filter>Global to all extensions\Edif</Filter>
    </ClCompile>
  </ItemGroup>
  <ItemGroup>
    <None Include="Icon.png">
      <Filter>Resource Files</Filter>
    </None>
    <None Include="DarkExt.json">
      <Filter>Resource Files</Filter>
    </None>
  </ItemGroup>
  <ItemGroup>
    <ClInclude Include="Common.hpp">
      <Filter>Header Files</Filter>
    </ClInclude>
    <ClInclude Include="Extension.hpp">
      <Filter>Header Files</Filter>
    </ClInclude>
    <ClInclude Include="Resource.h">
      <Filter>Resource Files</Filter>
    </ClInclude>
    <ClInclude Include="..\Inc\Shared\json.hpp">
      <Filter>Global to all extensions\Edif\JSON</Filter>
    </ClInclude>
    <ClInclude Include="..\Inc\Shared\DarkEdif.hpp">
      <Filter>Global to all extensions\Edif</Filter>
    </ClInclude>
    <ClInclude Include="..\Inc\Shared\Edif.hpp">
      <Filter>Global to all extensions\Edif</Filter>
    </ClInclude>
    <ClInclude Include="..\Inc\Windows\MMFWindowsMasterHeader.hpp">
      <Filter>Global to all extensions</Filter>
    </ClInclude>
    <ClInclude Include="..\Inc\Shared\ObjectSelection.hpp">
      <Filter>Global to all extensions</Filter>
    </ClInclude>
    <ClInclude Include="..\Inc\Shared\AllPlatformDefines.hpp">
      <Filter>Global to all extensions\Edif</Filter>
    </ClInclude>
    <ClInclude Include="..\Inc\Shared\Strings.hpp">
      <Filter>Global to all extensions\Edif</Filter>
    </ClInclude>
    <ClInclude Include="..\Inc\Shared\NonWindowsDefines.hpp">
      <Filter>Global to all extensions\Edif</Filter>
    </ClInclude>
    <ClInclude Include="..\Inc\Shared\SurfaceMultiPlat.hpp">
      <Filter>Global to all extensions\Edif</Filter>
    </ClInclude>
  </ItemGroup>
  <ItemGroup>
    <ResourceCompile Include="Ext.rc">
      <Filter>Resource Files</Filter>
    </ResourceCompile>
  </ItemGroup>
</Project>