<?xml version="1.0" encoding="utf-8"?>
<Project ToolsVersion="4.0" xmlns="http://schemas.microsoft.com/developer/msbuild/2003">
  <ItemGroup>
    <Filter Include="Header Files">
      <UniqueIdentifier>{6c1a7586-850a-4c19-912b-69708e061ba4}</UniqueIdentifier>
    </Filter>
    <Filter Include="Resource Files">
      <UniqueIdentifier>{c535c28d-c118-42ce-a527-bac473e706bf}</UniqueIdentifier>
    </Filter>
    <Filter Include="Global to all extensions">
      <UniqueIdentifier>{b856fc36-178e-4a2c-83cb-a2271c31559b}</UniqueIdentifier>
    </Filter>
    <Filter Include="Source Files">
      <UniqueIdentifier>{7089d004-8497-46d9-b0b5-06c0203acc50}</UniqueIdentifier>
    </Filter>
    <Filter Include="Header Files\Lacewing">
      <UniqueIdentifier>{74f9c7d4-a0fa-47ca-b5e6-8ff5fe6d869a}</UniqueIdentifier>
    </Filter>
    <Filter Include="Header Files\Lacewing\src">
      <UniqueIdentifier>{d2fc63e3-23f9-475a-b279-a4fa5406458a}</UniqueIdentifier>
    </Filter>
    <Filter Include="Header Files\Lacewing\src\unix">
      <UniqueIdentifier>{11eb42c7-a253-4b25-8af7-91f60214b719}</UniqueIdentifier>
    </Filter>
    <Filter Include="Source Files\Lacewing">
      <UniqueIdentifier>{d2f20d3f-4fed-4d5e-a728-2099e964b4a6}</UniqueIdentifier>
    </Filter>
    <Filter Include="Source Files\Lacewing\src">
      <UniqueIdentifier>{e119d8b5-3073-4011-ad47-806dcdf6ba9c}</UniqueIdentifier>
    </Filter>
    <Filter Include="Source Files\Lacewing\src\unix">
      <UniqueIdentifier>{b4eadc10-c1ff-472f-a018-22ecf0bbc1d6}</UniqueIdentifier>
    </Filter>
    <Filter Include="Source Files\Lacewing\src\unix\eventqueue">
      <UniqueIdentifier>{0df22238-6721-45bb-b8e3-e9bb96708a7d}</UniqueIdentifier>
    </Filter>
    <Filter Include="Header Files\Lacewing\src\unix\eventqueue">
      <UniqueIdentifier>{8a3128d7-1485-414c-8856-86b2b20333e1}</UniqueIdentifier>
    </Filter>
    <Filter Include="Header Files\Lacewing\src\openssl">
      <UniqueIdentifier>{726bdd2c-6247-4f87-8d43-e983554cce18}</UniqueIdentifier>
    </Filter>
    <Filter Include="Source Files\Lacewing\src\openssl">
      <UniqueIdentifier>{c059454a-0ed7-4efd-8286-a6dffd023225}</UniqueIdentifier>
    </Filter>
  </ItemGroup>
  <ItemGroup>
    <ClInclude Include="$(ProjectDir)\DarkExt.PostMinify.json">
      <Filter>Resource Files</Filter>
    </ClInclude>
    <ClInclude Include="..\Lib\Shared\Lacewing\src\unix\eventpump.h">
      <Filter>Header Files\Lacewing\src\unix</Filter>
    </ClInclude>
    <ClInclude Include="..\Lib\Shared\Lacewing\src\unix\fdstream.h">
      <Filter>Header Files\Lacewing\src\unix</Filter>
    </ClInclude>
    <ClInclude Include="$(SolutionDir)Temp\$(ExtName)\Temp_ACECallTable.cpp">
      <Filter>Source Files</Filter>
    </ClInclude>
    <ClInclude Include="..\Lib\Shared\Lacewing\src\flashpolicy.h">
      <Filter>Header Files\Lacewing\src</Filter>
    </ClInclude>
    <ClInclude Include="..\Lib\Shared\Lacewing\src\unix\ios config.h">
      <Filter>Header Files\Lacewing\src\unix</Filter>
    </ClInclude>
    <ClInclude Include="..\Lib\Shared\Lacewing\src\unix\eventqueue\eventqueue.h">
      <Filter>Header Files\Lacewing\src\unix\eventqueue</Filter>
    </ClInclude>
    <ClInclude Include="..\Lib\Shared\Lacewing\src\unix\common.h">
      <Filter>Header Files\Lacewing\src\unix</Filter>
    </ClInclude>
    <ClInclude Include="..\Lib\Shared\Lacewing\src\openssl\sslclient.h">
      <Filter>Header Files\Lacewing\src\openssl</Filter>
    </ClInclude>
    <ClInclude Include="..\Inc\iOS\MMF2Lib\Array.h">
      <Filter>Global to all extensions</Filter>
    </ClInclude>
    <ClInclude Include="..\Inc\iOS\MMF2Lib\CActExtension.h">
      <Filter>Global to all extensions</Filter>
    </ClInclude>
    <ClInclude Include="..\Inc\iOS\MMF2Lib\CBitmap.h">
      <Filter>Global to all extensions</Filter>
    </ClInclude>
    <ClInclude Include="..\Inc\iOS\MMF2Lib\CCndExtension.h">
      <Filter>Global to all extensions</Filter>
    </ClInclude>
    <ClInclude Include="..\Inc\iOS\MMF2Lib\CCreateObjectInfo.h">
      <Filter>Global to all extensions</Filter>
    </ClInclude>
    <ClInclude Include="..\Inc\iOS\MMF2Lib\CEffectEx.h">
      <Filter>Global to all extensions</Filter>
    </ClInclude>
    <ClInclude Include="..\Inc\iOS\MMF2Lib\CEventProgram.h">
      <Filter>Global to all extensions</Filter>
    </ClInclude>
    <ClInclude Include="..\Inc\iOS\MMF2Lib\CEvents.h">
      <Filter>Global to all extensions</Filter>
    </ClInclude>
    <ClInclude Include="..\Inc\iOS\MMF2Lib\CExtension.h">
      <Filter>Global to all extensions</Filter>
    </ClInclude>
    <ClInclude Include="..\Inc\iOS\MMF2Lib\CFont.h">
      <Filter>Global to all extensions</Filter>
    </ClInclude>
    <ClInclude Include="..\Inc\iOS\MMF2Lib\CFontBank.h">
      <Filter>Global to all extensions</Filter>
    </ClInclude>
    <ClInclude Include="..\Inc\iOS\MMF2Lib\CFontInfo.h">
      <Filter>Global to all extensions</Filter>
    </ClInclude>
    <ClInclude Include="..\Inc\iOS\MMF2Lib\CImage.h">
      <Filter>Global to all extensions</Filter>
    </ClInclude>
    <ClInclude Include="..\Inc\iOS\MMF2Lib\CImageBank.h">
      <Filter>Global to all extensions</Filter>
    </ClInclude>
    <ClInclude Include="..\Inc\iOS\MMF2Lib\CImageUtils.h">
      <Filter>Global to all extensions</Filter>
    </ClInclude>
    <ClInclude Include="..\Inc\iOS\MMF2Lib\CObject.h">
      <Filter>Global to all extensions</Filter>
    </ClInclude>
    <ClInclude Include="..\Inc\iOS\MMF2Lib\CObjInfo.h">
      <Filter>Global to all extensions</Filter>
    </ClInclude>
    <ClInclude Include="..\Inc\iOS\MMF2Lib\CoreMath.h">
      <Filter>Global to all extensions</Filter>
    </ClInclude>
    <ClInclude Include="..\Inc\iOS\MMF2Lib\CQualToOiList.h">
      <Filter>Global to all extensions</Filter>
    </ClInclude>
    <ClInclude Include="..\Inc\iOS\MMF2Lib\CRCom.h">
      <Filter>Global to all extensions</Filter>
    </ClInclude>
    <ClInclude Include="..\Inc\iOS\MMF2Lib\CRect.h">
      <Filter>Global to all extensions</Filter>
    </ClInclude>
    <ClInclude Include="..\Inc\iOS\MMF2Lib\CRenderer.h">
      <Filter>Global to all extensions</Filter>
    </ClInclude>
    <ClInclude Include="..\Inc\iOS\MMF2Lib\CRenderToTexture.h">
      <Filter>Global to all extensions</Filter>
    </ClInclude>
    <ClInclude Include="..\Inc\iOS\MMF2Lib\CRenderUtils.h">
      <Filter>Global to all extensions</Filter>
    </ClInclude>
    <ClInclude Include="..\Inc\iOS\MMF2Lib\CRSpr.h">
      <Filter>Global to all extensions</Filter>
    </ClInclude>
    <ClInclude Include="..\Inc\iOS\MMF2Lib\CRun.h">
      <Filter>Global to all extensions</Filter>
    </ClInclude>
    <ClInclude Include="..\Inc\iOS\MMF2Lib\CRunApp.h">
      <Filter>Global to all extensions</Filter>
    </ClInclude>
    <ClInclude Include="..\Inc\iOS\MMF2Lib\CRunExtension.h">
      <Filter>Global to all extensions</Filter>
    </ClInclude>
    <ClInclude Include="..\Inc\iOS\MMF2Lib\CRVal.h">
      <Filter>Global to all extensions</Filter>
    </ClInclude>
    <ClInclude Include="..\Inc\iOS\MMF2Lib\CShader.h">
      <Filter>Global to all extensions</Filter>
    </ClInclude>
    <ClInclude Include="..\Inc\iOS\MMF2Lib\CTexture.h">
      <Filter>Global to all extensions</Filter>
    </ClInclude>
    <ClInclude Include="..\Inc\iOS\MMF2Lib\CValue.h">
      <Filter>Global to all extensions</Filter>
    </ClInclude>
    <ClInclude Include="..\Inc\iOS\MMF2Lib\IDrawable.h">
      <Filter>Global to all extensions</Filter>
    </ClInclude>
    <ClInclude Include="..\Inc\iOS\MMFiOSMasterHeader.hpp">
      <Filter>Global to all extensions</Filter>
    </ClInclude>
  </ItemGroup>
  <ItemGroup>
    <ClCompile Include="..\Lib\Shared\Lacewing\src\unix\client.c">
      <Filter>Source Files\Lacewing\src\unix</Filter>
    </ClCompile>
    <ClCompile Include="..\Lib\Shared\Lacewing\src\unix\event.c">
      <Filter>Source Files\Lacewing\src\unix</Filter>
    </ClCompile>
    <ClCompile Include="..\Lib\Shared\Lacewing\src\unix\eventpump.c">
      <Filter>Source Files\Lacewing\src\unix</Filter>
    </ClCompile>
    <ClCompile Include="..\Lib\Shared\Lacewing\src\unix\fdstream.c">
      <Filter>Source Files\Lacewing\src\unix</Filter>
    </ClCompile>
    <ClCompile Include="..\Lib\Shared\Lacewing\src\unix\file.c">
      <Filter>Source Files\Lacewing\src\unix</Filter>
    </ClCompile>
    <ClCompile Include="..\Lib\Shared\Lacewing\src\unix\global2.c">
      <Filter>Source Files\Lacewing\src\unix</Filter>
    </ClCompile>
    <ClCompile Include="..\Lib\Shared\Lacewing\src\unix\server.c">
      <Filter>Source Files\Lacewing\src\unix</Filter>
    </ClCompile>
    <ClCompile Include="..\Lib\Shared\Lacewing\src\unix\sync.c">
      <Filter>Source Files\Lacewing\src\unix</Filter>
    </ClCompile>
    <ClCompile Include="..\Lib\Shared\Lacewing\src\unix\thread.c">
      <Filter>Source Files\Lacewing\src\unix</Filter>
    </ClCompile>
    <ClCompile Include="..\Lib\Shared\Lacewing\src\unix\timer.c">
      <Filter>Source Files\Lacewing\src\unix</Filter>
    </ClCompile>
    <ClCompile Include="..\Lib\Shared\Lacewing\src\unix\udp.c">
      <Filter>Source Files\Lacewing\src\unix</Filter>
    </ClCompile>
    <ClCompile Include="..\Lib\Shared\Lacewing\src\unix\eventqueue\kqueue.c">
      <Filter>Source Files\Lacewing\src\unix\eventqueue</Filter>
    </ClCompile>
    <ClCompile Include="..\Lib\Shared\Lacewing\src\openssl\sslclient.c">
      <Filter>Source Files\Lacewing\src\openssl</Filter>
    </ClCompile>
  </ItemGroup>
</Project>