<?xml version="1.0" encoding="utf-8"?>
<Project ToolsVersion="4.0" xmlns="http://schemas.microsoft.com/developer/msbuild/2003">
  <ItemGroup>
    <Filter Include="Header Files">
      <UniqueIdentifier>{6c1a7586-850a-4c19-912b-69708e061ba4}</UniqueIdentifier>
    </Filter>
    <Filter Include="Resource Files">
      <UniqueIdentifier>{c535c28d-c118-42ce-a527-bac473e706bf}</UniqueIdentifier>
    </Filter>
    <Filter Include="Global to all extensions">
      <UniqueIdentifier>{b856fc36-178e-4a2c-83cb-a2271c31559b}</UniqueIdentifier>
    </Filter>
    <Filter Include="Source Files">
      <UniqueIdentifier>{7089d004-8497-46d9-b0b5-06c0203acc50}</UniqueIdentifier>
    </Filter>
  </ItemGroup>
  <ItemGroup>
    <ClInclude Include="..\Inc\iOS\MMFiOSMasterHeader.hpp">
      <Filter>Global to all extensions</Filter>
    </ClInclude>
    <ClInclude Include="$(ProjectDir)\DarkExt.PostMinify.json">
      <Filter>Resource Files</Filter>
    </ClInclude>
    <ClInclude Include="$(SolutionDir)Temp\$(ExtName)\Temp_ACECallTable.cpp">
      <Filter>Source Files</Filter>
    </ClInclude>
    <ClInclude Include="..\Inc\iOS\MMF2Lib\CActExtension.h">
      <Filter>Global to all extensions</Filter>
    </ClInclude>
    <ClInclude Include="..\Inc\iOS\MMF2Lib\CEffectEx.h">
      <Filter>Global to all extensions</Filter>
    </ClInclude>
    <ClInclude Include="..\Inc\iOS\MMF2Lib\CEventProgram.h">
      <Filter>Global to all extensions</Filter>
    </ClInclude>
    <ClInclude Include="..\Inc\iOS\MMF2Lib\CEvents.h">
      <Filter>Global to all extensions</Filter>
    </ClInclude>
    <ClInclude Include="..\Inc\iOS\MMF2Lib\CObject.h">
      <Filter>Global to all extensions</Filter>
    </ClInclude>
    <ClInclude Include="..\Inc\iOS\MMF2Lib\CObjInfo.h">
      <Filter>Global to all extensions</Filter>
    </ClInclude>
    <ClInclude Include="..\Inc\iOS\MMF2Lib\CQualToOiList.h">
      <Filter>Global to all extensions</Filter>
    </ClInclude>
    <ClInclude Include="..\Inc\iOS\MMF2Lib\CRun.h">
      <Filter>Global to all extensions</Filter>
    </ClInclude>
    <ClInclude Include="..\Inc\iOS\MMF2Lib\CRunApp.h">
      <Filter>Global to all extensions</Filter>
    </ClInclude>
    <ClInclude Include="..\Inc\iOS\MMF2Lib\CRunExtension.h">
      <Filter>Global to all extensions</Filter>
    </ClInclude>
    <ClInclude Include="..\Inc\iOS\MMF2Lib\CRVal.h">
      <Filter>Global to all extensions</Filter>
    </ClInclude>
    <ClInclude Include="..\Inc\iOS\MMF2Lib\CValue.h">
      <Filter>Global to all extensions</Filter>
    </ClInclude>
    <ClInclude Include="..\Inc\iOS\MMF2Lib\IDrawable.h">
      <Filter>Global to all extensions</Filter>
    </ClInclude>
    <ClInclude Include="..\Inc\iOS\MMF2Lib\CCndExtension.h">
      <Filter>Global to all extensions</Filter>
    </ClInclude>
    <ClInclude Include="..\Inc\iOS\MMF2Lib\CCreateObjectInfo.h">
      <Filter>Global to all extensions</Filter>
    </ClInclude>
    <ClInclude Include="..\Inc\iOS\MMF2Lib\CFontInfo.h">
      <Filter>Global to all extensions</Filter>
    </ClInclude>
    <ClInclude Include="..\Inc\iOS\MMF2Lib\CoreMath.h">
      <Filter>Global to all extensions</Filter>
    </ClInclude>
    <ClInclude Include="..\Inc\iOS\MMF2Lib\CRCom.h">
      <Filter>Global to all extensions</Filter>
    </ClInclude>
    <ClInclude Include="..\Inc\iOS\MMF2Lib\CBitmap.h">
      <Filter>Global to all extensions</Filter>
    </ClInclude>
    <ClInclude Include="..\Inc\iOS\MMF2Lib\CFont.h">
      <Filter>Global to all extensions</Filter>
    </ClInclude>
    <ClInclude Include="..\Inc\iOS\MMF2Lib\CFontBank.h">
      <Filter>Global to all extensions</Filter>
    </ClInclude>
    <ClInclude Include="..\Inc\iOS\MMF2Lib\CImage.h">
      <Filter>Global to all extensions</Filter>
    </ClInclude>
    <ClInclude Include="..\Inc\iOS\MMF2Lib\CImageBank.h">
      <Filter>Global to all extensions</Filter>
    </ClInclude>
    <ClInclude Include="..\Inc\iOS\MMF2Lib\CImageUtils.h">
      <Filter>Global to all extensions</Filter>
    </ClInclude>
    <ClInclude Include="..\Inc\iOS\MMF2Lib\CTexture.h">
      <Filter>Global to all extensions</Filter>
    </ClInclude>
    <ClInclude Include="..\Inc\iOS\MMF2Lib\CRenderer.h">
      <Filter>Global to all extensions</Filter>
    </ClInclude>
    <ClInclude Include="..\Inc\iOS\MMF2Lib\CRect.h">
      <Filter>Global to all extensions</Filter>
    </ClInclude>
    <ClInclude Include="..\Inc\iOS\MMF2Lib\Array.h">
      <Filter>Global to all extensions</Filter>
    </ClInclude>
    <ClInclude Include="..\Inc\iOS\MMF2Lib\CRenderUtils.h">
      <Filter>Global to all extensions</Filter>
    </ClInclude>
    <ClInclude Include="..\Inc\iOS\MMF2Lib\CShader.h">
      <Filter>Global to all extensions</Filter>
    </ClInclude>
    <ClInclude Include="..\Inc\iOS\MMF2Lib\CRenderToTexture.h">
      <Filter>Global to all extensions</Filter>
    </ClInclude>
    <ClInclude Include="..\Inc\iOS\MMF2Lib\CRSpr.h">
      <Filter>Global to all extensions</Filter>
    </ClInclude>
    <ClInclude Include="..\Inc\iOS\MMF2Lib\CExtension.h">
      <Filter>Global to all extensions</Filter>
    </ClInclude>
  </ItemGroup>
</Project>